// !$*UTF8*$!
{
	archiveVersion = 1;
	classes = {
	};
	objectVersion = 56;
	objects = {

/* Begin PBXBuildFile section */
		0891E3C329D3424A00FE3AF8 /* CALayer+.swift in Sources */ = {isa = PBXBuildFile; fileRef = 0891E3C229D3424A00FE3AF8 /* CALayer+.swift */; };
		0891E3C529D34C5600FE3AF8 /* LoadingIndicator.swift in Sources */ = {isa = PBXBuildFile; fileRef = 0891E3C429D34C5600FE3AF8 /* LoadingIndicator.swift */; };
		08A6747529D1CA53008F3064 /* String+.swift in Sources */ = {isa = PBXBuildFile; fileRef = 08A6747429D1CA53008F3064 /* String+.swift */; };
		08C61F9F29CC1CA20006A1FE /* NetworkManagerTests.swift in Sources */ = {isa = PBXBuildFile; fileRef = 08C61F9E29CC1CA20006A1FE /* NetworkManagerTests.swift */; };
		08CE13BE29CAF80100C15A16 /* ShowType.swift in Sources */ = {isa = PBXBuildFile; fileRef = 08CE13B329CAF80100C15A16 /* ShowType.swift */; };
		08CE13BF29CAF80100C15A16 /* ShowType.swift in Sources */ = {isa = PBXBuildFile; fileRef = 08CE13B329CAF80100C15A16 /* ShowType.swift */; };
		08CE13C029CAF80100C15A16 /* Nation.swift in Sources */ = {isa = PBXBuildFile; fileRef = 08CE13B429CAF80100C15A16 /* Nation.swift */; };
		08CE13C129CAF80100C15A16 /* Nation.swift in Sources */ = {isa = PBXBuildFile; fileRef = 08CE13B429CAF80100C15A16 /* Nation.swift */; };
		08CE13C229CAF80100C15A16 /* Genre.swift in Sources */ = {isa = PBXBuildFile; fileRef = 08CE13B529CAF80100C15A16 /* Genre.swift */; };
		08CE13C329CAF80100C15A16 /* Genre.swift in Sources */ = {isa = PBXBuildFile; fileRef = 08CE13B529CAF80100C15A16 /* Genre.swift */; };
		08CE13C429CAF80100C15A16 /* Staff.swift in Sources */ = {isa = PBXBuildFile; fileRef = 08CE13B629CAF80100C15A16 /* Staff.swift */; };
		08CE13C529CAF80100C15A16 /* Staff.swift in Sources */ = {isa = PBXBuildFile; fileRef = 08CE13B629CAF80100C15A16 /* Staff.swift */; };
		08CE13C629CAF80100C15A16 /* MovieInformation.swift in Sources */ = {isa = PBXBuildFile; fileRef = 08CE13B729CAF80100C15A16 /* MovieInformation.swift */; };
		08CE13C729CAF80100C15A16 /* MovieInformation.swift in Sources */ = {isa = PBXBuildFile; fileRef = 08CE13B729CAF80100C15A16 /* MovieInformation.swift */; };
		08CE13C829CAF80100C15A16 /* DetailMovieInformation.swift in Sources */ = {isa = PBXBuildFile; fileRef = 08CE13B829CAF80100C15A16 /* DetailMovieInformation.swift */; };
		08CE13C929CAF80100C15A16 /* DetailMovieInformation.swift in Sources */ = {isa = PBXBuildFile; fileRef = 08CE13B829CAF80100C15A16 /* DetailMovieInformation.swift */; };
		08CE13CA29CAF80100C15A16 /* Actor.swift in Sources */ = {isa = PBXBuildFile; fileRef = 08CE13B929CAF80100C15A16 /* Actor.swift */; };
		08CE13CB29CAF80100C15A16 /* Actor.swift in Sources */ = {isa = PBXBuildFile; fileRef = 08CE13B929CAF80100C15A16 /* Actor.swift */; };
		08CE13CC29CAF80100C15A16 /* Company.swift in Sources */ = {isa = PBXBuildFile; fileRef = 08CE13BA29CAF80100C15A16 /* Company.swift */; };
		08CE13CD29CAF80100C15A16 /* Company.swift in Sources */ = {isa = PBXBuildFile; fileRef = 08CE13BA29CAF80100C15A16 /* Company.swift */; };
		08CE13CE29CAF80100C15A16 /* Audit.swift in Sources */ = {isa = PBXBuildFile; fileRef = 08CE13BB29CAF80100C15A16 /* Audit.swift */; };
		08CE13CF29CAF80100C15A16 /* Audit.swift in Sources */ = {isa = PBXBuildFile; fileRef = 08CE13BB29CAF80100C15A16 /* Audit.swift */; };
		08CE13D029CAF80100C15A16 /* MovieInformationResult.swift in Sources */ = {isa = PBXBuildFile; fileRef = 08CE13BC29CAF80100C15A16 /* MovieInformationResult.swift */; };
		08CE13D129CAF80100C15A16 /* MovieInformationResult.swift in Sources */ = {isa = PBXBuildFile; fileRef = 08CE13BC29CAF80100C15A16 /* MovieInformationResult.swift */; };
		08CE13D229CAF80100C15A16 /* Director.swift in Sources */ = {isa = PBXBuildFile; fileRef = 08CE13BD29CAF80100C15A16 /* Director.swift */; };
		08CE13D329CAF80100C15A16 /* Director.swift in Sources */ = {isa = PBXBuildFile; fileRef = 08CE13BD29CAF80100C15A16 /* Director.swift */; };
		08CE13D529CAF82A00C15A16 /* NetworkError.swift in Sources */ = {isa = PBXBuildFile; fileRef = 08CE13D429CAF82A00C15A16 /* NetworkError.swift */; };
		08CE13D629CAF82A00C15A16 /* NetworkError.swift in Sources */ = {isa = PBXBuildFile; fileRef = 08CE13D429CAF82A00C15A16 /* NetworkError.swift */; };
		08DA500829D16AA50015989D /* CustomCollectionViewCell.swift in Sources */ = {isa = PBXBuildFile; fileRef = 08DA500729D16AA50015989D /* CustomCollectionViewCell.swift */; };
		08DD8EA429C9665B00DA67E2 /* NetworkManager.swift in Sources */ = {isa = PBXBuildFile; fileRef = 08DD8EA329C9665B00DA67E2 /* NetworkManager.swift */; };
		08DD8EA929C9685B00DA67E2 /* Date+.swift in Sources */ = {isa = PBXBuildFile; fileRef = 08DD8EA829C9685B00DA67E2 /* Date+.swift */; };
		08E1C12A29C82CE4000FAF49 /* BoxOfficeResult.swift in Sources */ = {isa = PBXBuildFile; fileRef = 08E1C12929C82CE4000FAF49 /* BoxOfficeResult.swift */; };
		08E1C12C29C82CF9000FAF49 /* DailyBoxOffice.swift in Sources */ = {isa = PBXBuildFile; fileRef = 08E1C12B29C82CF9000FAF49 /* DailyBoxOffice.swift */; };
		08E1C13029C83D1F000FAF49 /* DecodeManager.swift in Sources */ = {isa = PBXBuildFile; fileRef = 08E1C12F29C83D1F000FAF49 /* DecodeManager.swift */; };
		08E7F5C529D733F400C7F3BD /* Document.swift in Sources */ = {isa = PBXBuildFile; fileRef = 08E7F5C429D733F400C7F3BD /* Document.swift */; };
		08E7F5C729D733FF00C7F3BD /* Meta.swift in Sources */ = {isa = PBXBuildFile; fileRef = 08E7F5C629D733FF00C7F3BD /* Meta.swift */; };
		08E7F5C929D7382B00C7F3BD /* MoviePoster.swift in Sources */ = {isa = PBXBuildFile; fileRef = 08E7F5C829D7382B00C7F3BD /* MoviePoster.swift */; };
		08EFB21829D5B4F70096573A /* MockURLProtocolObject.swift in Sources */ = {isa = PBXBuildFile; fileRef = 08EFB21729D5B4F70096573A /* MockURLProtocolObject.swift */; };
		08EFB21A29D5B50B0096573A /* StubBoxOffice.swift in Sources */ = {isa = PBXBuildFile; fileRef = 08EFB21929D5B50B0096573A /* StubBoxOffice.swift */; };
		63DF20EF2970E1A0005DF7D1 /* AppDelegate.swift in Sources */ = {isa = PBXBuildFile; fileRef = 63DF20EE2970E1A0005DF7D1 /* AppDelegate.swift */; };
		63DF20F12970E1A0005DF7D1 /* SceneDelegate.swift in Sources */ = {isa = PBXBuildFile; fileRef = 63DF20F02970E1A0005DF7D1 /* SceneDelegate.swift */; };
		63DF20F32970E1A0005DF7D1 /* BoxOfficeListViewController.swift in Sources */ = {isa = PBXBuildFile; fileRef = 63DF20F22970E1A0005DF7D1 /* BoxOfficeListViewController.swift */; };
		63DF20F82970E1A1005DF7D1 /* Assets.xcassets in Resources */ = {isa = PBXBuildFile; fileRef = 63DF20F72970E1A1005DF7D1 /* Assets.xcassets */; };
		63DF20FB2970E1A1005DF7D1 /* LaunchScreen.storyboard in Resources */ = {isa = PBXBuildFile; fileRef = 63DF20F92970E1A1005DF7D1 /* LaunchScreen.storyboard */; };
		D01325B129D6784400FD0AD7 /* DetailMovieViewController.swift in Sources */ = {isa = PBXBuildFile; fileRef = D01325B029D6784400FD0AD7 /* DetailMovieViewController.swift */; };
		D06CB3AD29C84FB000136FD3 /* BoxOffice.swift in Sources */ = {isa = PBXBuildFile; fileRef = D06CB3AC29C84FB000136FD3 /* BoxOffice.swift */; };
		D06CB3B929C8770C00136FD3 /* BoxOfficeTests.swift in Sources */ = {isa = PBXBuildFile; fileRef = D06CB3B829C8770C00136FD3 /* BoxOfficeTests.swift */; };
		D08946D429CA922400669A1C /* DecodeError.swift in Sources */ = {isa = PBXBuildFile; fileRef = D08946D329CA922400669A1C /* DecodeError.swift */; };
		D08946D829CB2EC900669A1C /* URLRequestMaker.swift in Sources */ = {isa = PBXBuildFile; fileRef = D08946D729CB2EC900669A1C /* URLRequestMaker.swift */; };
		D08946DD29CC348600669A1C /* NetworkManager.swift in Sources */ = {isa = PBXBuildFile; fileRef = 08DD8EA329C9665B00DA67E2 /* NetworkManager.swift */; };
		D08946DE29CC348B00669A1C /* URLRequestMaker.swift in Sources */ = {isa = PBXBuildFile; fileRef = D08946D729CB2EC900669A1C /* URLRequestMaker.swift */; };
		D08946E129CC349F00669A1C /* NetworkError.swift in Sources */ = {isa = PBXBuildFile; fileRef = 08CE13D429CAF82A00C15A16 /* NetworkError.swift */; };
		D08946E229CC34AE00669A1C /* Date+.swift in Sources */ = {isa = PBXBuildFile; fileRef = 08DD8EA829C9685B00DA67E2 /* Date+.swift */; };
/* End PBXBuildFile section */

/* Begin PBXContainerItemProxy section */
		08C61FA029CC1CA20006A1FE /* PBXContainerItemProxy */ = {
			isa = PBXContainerItemProxy;
			containerPortal = 63DF20E32970E1A0005DF7D1 /* Project object */;
			proxyType = 1;
			remoteGlobalIDString = 63DF20EA2970E1A0005DF7D1;
			remoteInfo = BoxOffice;
		};
		D06CB3BA29C8770C00136FD3 /* PBXContainerItemProxy */ = {
			isa = PBXContainerItemProxy;
			containerPortal = 63DF20E32970E1A0005DF7D1 /* Project object */;
			proxyType = 1;
			remoteGlobalIDString = 63DF20EA2970E1A0005DF7D1;
			remoteInfo = BoxOffice;
		};
/* End PBXContainerItemProxy section */

/* Begin PBXFileReference section */
		0891E3C229D3424A00FE3AF8 /* CALayer+.swift */ = {isa = PBXFileReference; lastKnownFileType = sourcecode.swift; path = "CALayer+.swift"; sourceTree = "<group>"; };
		0891E3C429D34C5600FE3AF8 /* LoadingIndicator.swift */ = {isa = PBXFileReference; lastKnownFileType = sourcecode.swift; path = LoadingIndicator.swift; sourceTree = "<group>"; };
		08A6747429D1CA53008F3064 /* String+.swift */ = {isa = PBXFileReference; lastKnownFileType = sourcecode.swift; path = "String+.swift"; sourceTree = "<group>"; };
		08C61F9C29CC1CA20006A1FE /* NetworkManagerTests.xctest */ = {isa = PBXFileReference; explicitFileType = wrapper.cfbundle; includeInIndex = 0; path = NetworkManagerTests.xctest; sourceTree = BUILT_PRODUCTS_DIR; };
		08C61F9E29CC1CA20006A1FE /* NetworkManagerTests.swift */ = {isa = PBXFileReference; lastKnownFileType = sourcecode.swift; path = NetworkManagerTests.swift; sourceTree = "<group>"; };
		08CE13B329CAF80100C15A16 /* ShowType.swift */ = {isa = PBXFileReference; fileEncoding = 4; lastKnownFileType = sourcecode.swift; path = ShowType.swift; sourceTree = "<group>"; };
		08CE13B429CAF80100C15A16 /* Nation.swift */ = {isa = PBXFileReference; fileEncoding = 4; lastKnownFileType = sourcecode.swift; path = Nation.swift; sourceTree = "<group>"; };
		08CE13B529CAF80100C15A16 /* Genre.swift */ = {isa = PBXFileReference; fileEncoding = 4; lastKnownFileType = sourcecode.swift; path = Genre.swift; sourceTree = "<group>"; };
		08CE13B629CAF80100C15A16 /* Staff.swift */ = {isa = PBXFileReference; fileEncoding = 4; lastKnownFileType = sourcecode.swift; path = Staff.swift; sourceTree = "<group>"; };
		08CE13B729CAF80100C15A16 /* MovieInformation.swift */ = {isa = PBXFileReference; fileEncoding = 4; lastKnownFileType = sourcecode.swift; path = MovieInformation.swift; sourceTree = "<group>"; };
		08CE13B829CAF80100C15A16 /* DetailMovieInformation.swift */ = {isa = PBXFileReference; fileEncoding = 4; lastKnownFileType = sourcecode.swift; path = DetailMovieInformation.swift; sourceTree = "<group>"; };
		08CE13B929CAF80100C15A16 /* Actor.swift */ = {isa = PBXFileReference; fileEncoding = 4; lastKnownFileType = sourcecode.swift; path = Actor.swift; sourceTree = "<group>"; };
		08CE13BA29CAF80100C15A16 /* Company.swift */ = {isa = PBXFileReference; fileEncoding = 4; lastKnownFileType = sourcecode.swift; path = Company.swift; sourceTree = "<group>"; };
		08CE13BB29CAF80100C15A16 /* Audit.swift */ = {isa = PBXFileReference; fileEncoding = 4; lastKnownFileType = sourcecode.swift; path = Audit.swift; sourceTree = "<group>"; };
		08CE13BC29CAF80100C15A16 /* MovieInformationResult.swift */ = {isa = PBXFileReference; fileEncoding = 4; lastKnownFileType = sourcecode.swift; path = MovieInformationResult.swift; sourceTree = "<group>"; };
		08CE13BD29CAF80100C15A16 /* Director.swift */ = {isa = PBXFileReference; fileEncoding = 4; lastKnownFileType = sourcecode.swift; path = Director.swift; sourceTree = "<group>"; };
		08CE13D429CAF82A00C15A16 /* NetworkError.swift */ = {isa = PBXFileReference; fileEncoding = 4; lastKnownFileType = sourcecode.swift; path = NetworkError.swift; sourceTree = "<group>"; };
		08DA500729D16AA50015989D /* CustomCollectionViewCell.swift */ = {isa = PBXFileReference; lastKnownFileType = sourcecode.swift; path = CustomCollectionViewCell.swift; sourceTree = "<group>"; };
		08DD8EA329C9665B00DA67E2 /* NetworkManager.swift */ = {isa = PBXFileReference; lastKnownFileType = sourcecode.swift; path = NetworkManager.swift; sourceTree = "<group>"; };
		08DD8EA829C9685B00DA67E2 /* Date+.swift */ = {isa = PBXFileReference; lastKnownFileType = sourcecode.swift; path = "Date+.swift"; sourceTree = "<group>"; };
		08E1C12929C82CE4000FAF49 /* BoxOfficeResult.swift */ = {isa = PBXFileReference; lastKnownFileType = sourcecode.swift; path = BoxOfficeResult.swift; sourceTree = "<group>"; };
		08E1C12B29C82CF9000FAF49 /* DailyBoxOffice.swift */ = {isa = PBXFileReference; lastKnownFileType = sourcecode.swift; path = DailyBoxOffice.swift; sourceTree = "<group>"; };
		08E1C12F29C83D1F000FAF49 /* DecodeManager.swift */ = {isa = PBXFileReference; lastKnownFileType = sourcecode.swift; path = DecodeManager.swift; sourceTree = "<group>"; };
		08E7F5C429D733F400C7F3BD /* Document.swift */ = {isa = PBXFileReference; lastKnownFileType = sourcecode.swift; path = Document.swift; sourceTree = "<group>"; };
		08E7F5C629D733FF00C7F3BD /* Meta.swift */ = {isa = PBXFileReference; lastKnownFileType = sourcecode.swift; path = Meta.swift; sourceTree = "<group>"; };
		08E7F5C829D7382B00C7F3BD /* MoviePoster.swift */ = {isa = PBXFileReference; lastKnownFileType = sourcecode.swift; path = MoviePoster.swift; sourceTree = "<group>"; };
		08EFB21729D5B4F70096573A /* MockURLProtocolObject.swift */ = {isa = PBXFileReference; lastKnownFileType = sourcecode.swift; path = MockURLProtocolObject.swift; sourceTree = "<group>"; };
		08EFB21929D5B50B0096573A /* StubBoxOffice.swift */ = {isa = PBXFileReference; lastKnownFileType = sourcecode.swift; path = StubBoxOffice.swift; sourceTree = "<group>"; };
		63DF20EB2970E1A0005DF7D1 /* BoxOffice.app */ = {isa = PBXFileReference; explicitFileType = wrapper.application; includeInIndex = 0; path = BoxOffice.app; sourceTree = BUILT_PRODUCTS_DIR; };
		63DF20EE2970E1A0005DF7D1 /* AppDelegate.swift */ = {isa = PBXFileReference; lastKnownFileType = sourcecode.swift; path = AppDelegate.swift; sourceTree = "<group>"; };
		63DF20F02970E1A0005DF7D1 /* SceneDelegate.swift */ = {isa = PBXFileReference; lastKnownFileType = sourcecode.swift; path = SceneDelegate.swift; sourceTree = "<group>"; };
		63DF20F22970E1A0005DF7D1 /* BoxOfficeListViewController.swift */ = {isa = PBXFileReference; lastKnownFileType = sourcecode.swift; path = BoxOfficeListViewController.swift; sourceTree = "<group>"; };
		63DF20F72970E1A1005DF7D1 /* Assets.xcassets */ = {isa = PBXFileReference; lastKnownFileType = folder.assetcatalog; path = Assets.xcassets; sourceTree = "<group>"; };
		63DF20FA2970E1A1005DF7D1 /* Base */ = {isa = PBXFileReference; lastKnownFileType = file.storyboard; name = Base; path = Base.lproj/LaunchScreen.storyboard; sourceTree = "<group>"; };
		63DF20FC2970E1A1005DF7D1 /* Info.plist */ = {isa = PBXFileReference; lastKnownFileType = text.plist.xml; path = Info.plist; sourceTree = "<group>"; };
		D01325B029D6784400FD0AD7 /* DetailMovieViewController.swift */ = {isa = PBXFileReference; lastKnownFileType = sourcecode.swift; path = DetailMovieViewController.swift; sourceTree = "<group>"; };
		D06CB3AC29C84FB000136FD3 /* BoxOffice.swift */ = {isa = PBXFileReference; lastKnownFileType = sourcecode.swift; path = BoxOffice.swift; sourceTree = "<group>"; };
		D06CB3B629C8770C00136FD3 /* BoxOfficeTests.xctest */ = {isa = PBXFileReference; explicitFileType = wrapper.cfbundle; includeInIndex = 0; path = BoxOfficeTests.xctest; sourceTree = BUILT_PRODUCTS_DIR; };
		D06CB3B829C8770C00136FD3 /* BoxOfficeTests.swift */ = {isa = PBXFileReference; lastKnownFileType = sourcecode.swift; path = BoxOfficeTests.swift; sourceTree = "<group>"; };
		D08946D329CA922400669A1C /* DecodeError.swift */ = {isa = PBXFileReference; lastKnownFileType = sourcecode.swift; path = DecodeError.swift; sourceTree = "<group>"; };
		D08946D729CB2EC900669A1C /* URLRequestMaker.swift */ = {isa = PBXFileReference; lastKnownFileType = sourcecode.swift; path = URLRequestMaker.swift; sourceTree = "<group>"; };
/* End PBXFileReference section */

/* Begin PBXFrameworksBuildPhase section */
		08C61F9929CC1CA20006A1FE /* Frameworks */ = {
			isa = PBXFrameworksBuildPhase;
			buildActionMask = 2147483647;
			files = (
			);
			runOnlyForDeploymentPostprocessing = 0;
		};
		63DF20E82970E1A0005DF7D1 /* Frameworks */ = {
			isa = PBXFrameworksBuildPhase;
			buildActionMask = 2147483647;
			files = (
			);
			runOnlyForDeploymentPostprocessing = 0;
		};
		D06CB3B329C8770C00136FD3 /* Frameworks */ = {
			isa = PBXFrameworksBuildPhase;
			buildActionMask = 2147483647;
			files = (
			);
			runOnlyForDeploymentPostprocessing = 0;
		};
/* End PBXFrameworksBuildPhase section */

/* Begin PBXGroup section */
		08C61F9D29CC1CA20006A1FE /* NetworkManagerTests */ = {
			isa = PBXGroup;
			children = (
				08C61F9E29CC1CA20006A1FE /* NetworkManagerTests.swift */,
				08EFB21729D5B4F70096573A /* MockURLProtocolObject.swift */,
				08EFB21929D5B50B0096573A /* StubBoxOffice.swift */,
			);
			path = NetworkManagerTests;
			sourceTree = "<group>";
		};
		08CE13B229CAF80100C15A16 /* DetailMovieInformation */ = {
			isa = PBXGroup;
			children = (
				08CE13B329CAF80100C15A16 /* ShowType.swift */,
				08CE13B429CAF80100C15A16 /* Nation.swift */,
				08CE13B529CAF80100C15A16 /* Genre.swift */,
				08CE13B629CAF80100C15A16 /* Staff.swift */,
				08CE13B729CAF80100C15A16 /* MovieInformation.swift */,
				08CE13B829CAF80100C15A16 /* DetailMovieInformation.swift */,
				08CE13B929CAF80100C15A16 /* Actor.swift */,
				08CE13BA29CAF80100C15A16 /* Company.swift */,
				08CE13BB29CAF80100C15A16 /* Audit.swift */,
				08CE13BC29CAF80100C15A16 /* MovieInformationResult.swift */,
				08CE13BD29CAF80100C15A16 /* Director.swift */,
			);
			path = DetailMovieInformation;
			sourceTree = "<group>";
		};
		08DD8EA529C9667600DA67E2 /* Network */ = {
			isa = PBXGroup;
			children = (
				08DD8EA329C9665B00DA67E2 /* NetworkManager.swift */,
				D08946D729CB2EC900669A1C /* URLRequestMaker.swift */,
			);
			path = Network;
			sourceTree = "<group>";
		};
		08DD8EAB29C96AAB00DA67E2 /* Extension */ = {
			isa = PBXGroup;
			children = (
				08DD8EA829C9685B00DA67E2 /* Date+.swift */,
				08A6747429D1CA53008F3064 /* String+.swift */,
				0891E3C229D3424A00FE3AF8 /* CALayer+.swift */,
			);
			path = Extension;
			sourceTree = "<group>";
		};
		08DD8EAE29C97A7000DA67E2 /* DailyBoxOffice */ = {
			isa = PBXGroup;
			children = (
				D06CB3AC29C84FB000136FD3 /* BoxOffice.swift */,
				08E1C12929C82CE4000FAF49 /* BoxOfficeResult.swift */,
				08E1C12B29C82CF9000FAF49 /* DailyBoxOffice.swift */,
			);
			path = DailyBoxOffice;
			sourceTree = "<group>";
		};
		08E1C12D29C82D01000FAF49 /* Model */ = {
			isa = PBXGroup;
			children = (
				08E7F5C329D731C800C7F3BD /* MoviePoster */,
				08DD8EAE29C97A7000DA67E2 /* DailyBoxOffice */,
				08CE13B229CAF80100C15A16 /* DetailMovieInformation */,
			);
			path = Model;
			sourceTree = "<group>";
		};
		08E1C12E29C82D0D000FAF49 /* App */ = {
			isa = PBXGroup;
			children = (
				63DF20EE2970E1A0005DF7D1 /* AppDelegate.swift */,
				63DF20F02970E1A0005DF7D1 /* SceneDelegate.swift */,
			);
			name = App;
			sourceTree = "<group>";
		};
		08E7F5C329D731C800C7F3BD /* MoviePoster */ = {
			isa = PBXGroup;
			children = (
				08E7F5C829D7382B00C7F3BD /* MoviePoster.swift */,
				08E7F5C429D733F400C7F3BD /* Document.swift */,
				08E7F5C629D733FF00C7F3BD /* Meta.swift */,
			);
			path = MoviePoster;
			sourceTree = "<group>";
		};
		63DF20E22970E1A0005DF7D1 = {
			isa = PBXGroup;
			children = (
				63DF20ED2970E1A0005DF7D1 /* BoxOffice */,
				D06CB3B729C8770C00136FD3 /* BoxOfficeTests */,
				08C61F9D29CC1CA20006A1FE /* NetworkManagerTests */,
				63DF20EC2970E1A0005DF7D1 /* Products */,
			);
			sourceTree = "<group>";
		};
		63DF20EC2970E1A0005DF7D1 /* Products */ = {
			isa = PBXGroup;
			children = (
				63DF20EB2970E1A0005DF7D1 /* BoxOffice.app */,
				D06CB3B629C8770C00136FD3 /* BoxOfficeTests.xctest */,
				08C61F9C29CC1CA20006A1FE /* NetworkManagerTests.xctest */,
			);
			name = Products;
			sourceTree = "<group>";
		};
		63DF20ED2970E1A0005DF7D1 /* BoxOffice */ = {
			isa = PBXGroup;
			children = (
				08E1C12E29C82D0D000FAF49 /* App */,
				08DD8EA529C9667600DA67E2 /* Network */,
				08E1C12D29C82D01000FAF49 /* Model */,
				D06CB3B129C8766700136FD3 /* View */,
				D06CB3AE29C8761300136FD3 /* Controller */,
				D06CB3AF29C8762B00136FD3 /* Extra */,
				D08946D229CA91DB00669A1C /* Error */,
				D06CB3B029C8764D00136FD3 /* Resources */,
				08DD8EAB29C96AAB00DA67E2 /* Extension */,
			);
			path = BoxOffice;
			sourceTree = "<group>";
		};
		D06CB3AE29C8761300136FD3 /* Controller */ = {
			isa = PBXGroup;
			children = (
				63DF20F22970E1A0005DF7D1 /* BoxOfficeListViewController.swift */,
				D01325B029D6784400FD0AD7 /* DetailMovieViewController.swift */,
			);
			path = Controller;
			sourceTree = "<group>";
		};
		D06CB3AF29C8762B00136FD3 /* Extra */ = {
			isa = PBXGroup;
			children = (
				08E1C12F29C83D1F000FAF49 /* DecodeManager.swift */,
				0891E3C429D34C5600FE3AF8 /* LoadingIndicator.swift */,
			);
			path = Extra;
			sourceTree = "<group>";
		};
		D06CB3B029C8764D00136FD3 /* Resources */ = {
			isa = PBXGroup;
			children = (
				63DF20F72970E1A1005DF7D1 /* Assets.xcassets */,
				63DF20FC2970E1A1005DF7D1 /* Info.plist */,
			);
			path = Resources;
			sourceTree = "<group>";
		};
		D06CB3B129C8766700136FD3 /* View */ = {
			isa = PBXGroup;
			children = (
				63DF20F92970E1A1005DF7D1 /* LaunchScreen.storyboard */,
				08DA500729D16AA50015989D /* CustomCollectionViewCell.swift */,
			);
			path = View;
			sourceTree = "<group>";
		};
		D06CB3B729C8770C00136FD3 /* BoxOfficeTests */ = {
			isa = PBXGroup;
			children = (
				D06CB3B829C8770C00136FD3 /* BoxOfficeTests.swift */,
			);
			path = BoxOfficeTests;
			sourceTree = "<group>";
		};
		D08946D229CA91DB00669A1C /* Error */ = {
			isa = PBXGroup;
			children = (
				08CE13D429CAF82A00C15A16 /* NetworkError.swift */,
				D08946D329CA922400669A1C /* DecodeError.swift */,
			);
			path = Error;
			sourceTree = "<group>";
		};
/* End PBXGroup section */

/* Begin PBXNativeTarget section */
		08C61F9B29CC1CA20006A1FE /* NetworkManagerTests */ = {
			isa = PBXNativeTarget;
			buildConfigurationList = 08C61FA429CC1CA20006A1FE /* Build configuration list for PBXNativeTarget "NetworkManagerTests" */;
			buildPhases = (
				08C61F9829CC1CA20006A1FE /* Sources */,
				08C61F9929CC1CA20006A1FE /* Frameworks */,
				08C61F9A29CC1CA20006A1FE /* Resources */,
			);
			buildRules = (
			);
			dependencies = (
				08C61FA129CC1CA20006A1FE /* PBXTargetDependency */,
			);
			name = NetworkManagerTests;
			productName = NetworkManagerTests;
			productReference = 08C61F9C29CC1CA20006A1FE /* NetworkManagerTests.xctest */;
			productType = "com.apple.product-type.bundle.unit-test";
		};
		63DF20EA2970E1A0005DF7D1 /* BoxOffice */ = {
			isa = PBXNativeTarget;
			buildConfigurationList = 63DF20FF2970E1A1005DF7D1 /* Build configuration list for PBXNativeTarget "BoxOffice" */;
			buildPhases = (
				63DF20E72970E1A0005DF7D1 /* Sources */,
				63DF20E82970E1A0005DF7D1 /* Frameworks */,
				63DF20E92970E1A0005DF7D1 /* Resources */,
			);
			buildRules = (
			);
			dependencies = (
			);
			name = BoxOffice;
			productName = BoxOffice;
			productReference = 63DF20EB2970E1A0005DF7D1 /* BoxOffice.app */;
			productType = "com.apple.product-type.application";
		};
		D06CB3B529C8770C00136FD3 /* BoxOfficeTests */ = {
			isa = PBXNativeTarget;
			buildConfigurationList = D06CB3BC29C8770C00136FD3 /* Build configuration list for PBXNativeTarget "BoxOfficeTests" */;
			buildPhases = (
				D06CB3B229C8770C00136FD3 /* Sources */,
				D06CB3B329C8770C00136FD3 /* Frameworks */,
				D06CB3B429C8770C00136FD3 /* Resources */,
			);
			buildRules = (
			);
			dependencies = (
				D06CB3BB29C8770C00136FD3 /* PBXTargetDependency */,
			);
			name = BoxOfficeTests;
			productName = BoxOfficeTests;
			productReference = D06CB3B629C8770C00136FD3 /* BoxOfficeTests.xctest */;
			productType = "com.apple.product-type.bundle.unit-test";
		};
/* End PBXNativeTarget section */

/* Begin PBXProject section */
		63DF20E32970E1A0005DF7D1 /* Project object */ = {
			isa = PBXProject;
			attributes = {
				BuildIndependentTargetsInParallel = 1;
				LastSwiftUpdateCheck = 1420;
				LastUpgradeCheck = 1420;
				TargetAttributes = {
					08C61F9B29CC1CA20006A1FE = {
						CreatedOnToolsVersion = 14.2;
						TestTargetID = 63DF20EA2970E1A0005DF7D1;
					};
					63DF20EA2970E1A0005DF7D1 = {
						CreatedOnToolsVersion = 14.2;
					};
					D06CB3B529C8770C00136FD3 = {
						CreatedOnToolsVersion = 14.2;
						TestTargetID = 63DF20EA2970E1A0005DF7D1;
					};
				};
			};
			buildConfigurationList = 63DF20E62970E1A0005DF7D1 /* Build configuration list for PBXProject "BoxOffice" */;
			compatibilityVersion = "Xcode 14.0";
			developmentRegion = en;
			hasScannedForEncodings = 0;
			knownRegions = (
				en,
				Base,
			);
			mainGroup = 63DF20E22970E1A0005DF7D1;
			productRefGroup = 63DF20EC2970E1A0005DF7D1 /* Products */;
			projectDirPath = "";
			projectRoot = "";
			targets = (
				63DF20EA2970E1A0005DF7D1 /* BoxOffice */,
				D06CB3B529C8770C00136FD3 /* BoxOfficeTests */,
				08C61F9B29CC1CA20006A1FE /* NetworkManagerTests */,
			);
		};
/* End PBXProject section */

/* Begin PBXResourcesBuildPhase section */
		08C61F9A29CC1CA20006A1FE /* Resources */ = {
			isa = PBXResourcesBuildPhase;
			buildActionMask = 2147483647;
			files = (
			);
			runOnlyForDeploymentPostprocessing = 0;
		};
		63DF20E92970E1A0005DF7D1 /* Resources */ = {
			isa = PBXResourcesBuildPhase;
			buildActionMask = 2147483647;
			files = (
				63DF20FB2970E1A1005DF7D1 /* LaunchScreen.storyboard in Resources */,
				63DF20F82970E1A1005DF7D1 /* Assets.xcassets in Resources */,
			);
			runOnlyForDeploymentPostprocessing = 0;
		};
		D06CB3B429C8770C00136FD3 /* Resources */ = {
			isa = PBXResourcesBuildPhase;
			buildActionMask = 2147483647;
			files = (
			);
			runOnlyForDeploymentPostprocessing = 0;
		};
/* End PBXResourcesBuildPhase section */

/* Begin PBXSourcesBuildPhase section */
		08C61F9829CC1CA20006A1FE /* Sources */ = {
			isa = PBXSourcesBuildPhase;
			buildActionMask = 2147483647;
			files = (
				08EFB21829D5B4F70096573A /* MockURLProtocolObject.swift in Sources */,
				D08946E229CC34AE00669A1C /* Date+.swift in Sources */,
				D08946E129CC349F00669A1C /* NetworkError.swift in Sources */,
				D08946DE29CC348B00669A1C /* URLRequestMaker.swift in Sources */,
				08EFB21A29D5B50B0096573A /* StubBoxOffice.swift in Sources */,
				D08946DD29CC348600669A1C /* NetworkManager.swift in Sources */,
				08C61F9F29CC1CA20006A1FE /* NetworkManagerTests.swift in Sources */,
			);
			runOnlyForDeploymentPostprocessing = 0;
		};
		63DF20E72970E1A0005DF7D1 /* Sources */ = {
			isa = PBXSourcesBuildPhase;
			buildActionMask = 2147483647;
			files = (
				08CE13CC29CAF80100C15A16 /* Company.swift in Sources */,
				08CE13C429CAF80100C15A16 /* Staff.swift in Sources */,
				08CE13D529CAF82A00C15A16 /* NetworkError.swift in Sources */,
				08CE13BE29CAF80100C15A16 /* ShowType.swift in Sources */,
				08E7F5C529D733F400C7F3BD /* Document.swift in Sources */,
				08CE13C029CAF80100C15A16 /* Nation.swift in Sources */,
				08E1C12A29C82CE4000FAF49 /* BoxOfficeResult.swift in Sources */,
				08CE13C829CAF80100C15A16 /* DetailMovieInformation.swift in Sources */,
				08E7F5C729D733FF00C7F3BD /* Meta.swift in Sources */,
				08DD8EA429C9665B00DA67E2 /* NetworkManager.swift in Sources */,
				08E1C12C29C82CF9000FAF49 /* DailyBoxOffice.swift in Sources */,
				0891E3C529D34C5600FE3AF8 /* LoadingIndicator.swift in Sources */,
				08CE13CE29CAF80100C15A16 /* Audit.swift in Sources */,
				08CE13C629CAF80100C15A16 /* MovieInformation.swift in Sources */,
				D08946D829CB2EC900669A1C /* URLRequestMaker.swift in Sources */,
				D08946D429CA922400669A1C /* DecodeError.swift in Sources */,
				D06CB3AD29C84FB000136FD3 /* BoxOffice.swift in Sources */,
				63DF20F32970E1A0005DF7D1 /* BoxOfficeListViewController.swift in Sources */,
				D01325B129D6784400FD0AD7 /* DetailMovieViewController.swift in Sources */,
				08DD8EA929C9685B00DA67E2 /* Date+.swift in Sources */,
				08DA500829D16AA50015989D /* CustomCollectionViewCell.swift in Sources */,
				08E7F5C929D7382B00C7F3BD /* MoviePoster.swift in Sources */,
				63DF20EF2970E1A0005DF7D1 /* AppDelegate.swift in Sources */,
				08A6747529D1CA53008F3064 /* String+.swift in Sources */,
				08CE13D029CAF80100C15A16 /* MovieInformationResult.swift in Sources */,
				08E1C13029C83D1F000FAF49 /* DecodeManager.swift in Sources */,
				0891E3C329D3424A00FE3AF8 /* CALayer+.swift in Sources */,
				08CE13CA29CAF80100C15A16 /* Actor.swift in Sources */,
				63DF20F12970E1A0005DF7D1 /* SceneDelegate.swift in Sources */,
				08CE13C229CAF80100C15A16 /* Genre.swift in Sources */,
				08CE13D229CAF80100C15A16 /* Director.swift in Sources */,
			);
			runOnlyForDeploymentPostprocessing = 0;
		};
		D06CB3B229C8770C00136FD3 /* Sources */ = {
			isa = PBXSourcesBuildPhase;
			buildActionMask = 2147483647;
			files = (
				08CE13C929CAF80100C15A16 /* DetailMovieInformation.swift in Sources */,
				08CE13D329CAF80100C15A16 /* Director.swift in Sources */,
				08CE13C529CAF80100C15A16 /* Staff.swift in Sources */,
				08CE13CD29CAF80100C15A16 /* Company.swift in Sources */,
				08CE13C729CAF80100C15A16 /* MovieInformation.swift in Sources */,
				08CE13D129CAF80100C15A16 /* MovieInformationResult.swift in Sources */,
				08CE13BF29CAF80100C15A16 /* ShowType.swift in Sources */,
				D06CB3B929C8770C00136FD3 /* BoxOfficeTests.swift in Sources */,
				08CE13C129CAF80100C15A16 /* Nation.swift in Sources */,
				08CE13C329CAF80100C15A16 /* Genre.swift in Sources */,
				08CE13D629CAF82A00C15A16 /* NetworkError.swift in Sources */,
				08CE13CB29CAF80100C15A16 /* Actor.swift in Sources */,
				08CE13CF29CAF80100C15A16 /* Audit.swift in Sources */,
			);
			runOnlyForDeploymentPostprocessing = 0;
		};
/* End PBXSourcesBuildPhase section */

/* Begin PBXTargetDependency section */
		08C61FA129CC1CA20006A1FE /* PBXTargetDependency */ = {
			isa = PBXTargetDependency;
			target = 63DF20EA2970E1A0005DF7D1 /* BoxOffice */;
			targetProxy = 08C61FA029CC1CA20006A1FE /* PBXContainerItemProxy */;
		};
		D06CB3BB29C8770C00136FD3 /* PBXTargetDependency */ = {
			isa = PBXTargetDependency;
			target = 63DF20EA2970E1A0005DF7D1 /* BoxOffice */;
			targetProxy = D06CB3BA29C8770C00136FD3 /* PBXContainerItemProxy */;
		};
/* End PBXTargetDependency section */

/* Begin PBXVariantGroup section */
		63DF20F92970E1A1005DF7D1 /* LaunchScreen.storyboard */ = {
			isa = PBXVariantGroup;
			children = (
				63DF20FA2970E1A1005DF7D1 /* Base */,
			);
			name = LaunchScreen.storyboard;
			sourceTree = "<group>";
		};
/* End PBXVariantGroup section */

/* Begin XCBuildConfiguration section */
		08C61FA229CC1CA20006A1FE /* Debug */ = {
			isa = XCBuildConfiguration;
			buildSettings = {
				BUNDLE_LOADER = "$(TEST_HOST)";
				CODE_SIGN_STYLE = Automatic;
				CURRENT_PROJECT_VERSION = 1;
				DEVELOPMENT_TEAM = RA77GBK8U2;
				GENERATE_INFOPLIST_FILE = YES;
				IPHONEOS_DEPLOYMENT_TARGET = 16.2;
				MACOSX_DEPLOYMENT_TARGET = 12.5;
				MARKETING_VERSION = 1.0;
				PRODUCT_BUNDLE_IDENTIFIER = com.seongjun.NetworkManagerTests;
				PRODUCT_NAME = "$(TARGET_NAME)";
				SDKROOT = auto;
				SUPPORTED_PLATFORMS = "iphoneos iphonesimulator macosx";
				SWIFT_EMIT_LOC_STRINGS = NO;
				SWIFT_VERSION = 5.0;
				TARGETED_DEVICE_FAMILY = "1,2";
				TEST_HOST = "$(BUILT_PRODUCTS_DIR)/BoxOffice.app/$(BUNDLE_EXECUTABLE_FOLDER_PATH)/BoxOffice";
			};
			name = Debug;
		};
		08C61FA329CC1CA20006A1FE /* Release */ = {
			isa = XCBuildConfiguration;
			buildSettings = {
				BUNDLE_LOADER = "$(TEST_HOST)";
				CODE_SIGN_STYLE = Automatic;
				CURRENT_PROJECT_VERSION = 1;
				DEVELOPMENT_TEAM = RA77GBK8U2;
				GENERATE_INFOPLIST_FILE = YES;
				IPHONEOS_DEPLOYMENT_TARGET = 16.2;
				MACOSX_DEPLOYMENT_TARGET = 12.5;
				MARKETING_VERSION = 1.0;
				PRODUCT_BUNDLE_IDENTIFIER = com.seongjun.NetworkManagerTests;
				PRODUCT_NAME = "$(TARGET_NAME)";
				SDKROOT = auto;
				SUPPORTED_PLATFORMS = "iphoneos iphonesimulator macosx";
				SWIFT_EMIT_LOC_STRINGS = NO;
				SWIFT_VERSION = 5.0;
				TARGETED_DEVICE_FAMILY = "1,2";
				TEST_HOST = "$(BUILT_PRODUCTS_DIR)/BoxOffice.app/$(BUNDLE_EXECUTABLE_FOLDER_PATH)/BoxOffice";
			};
			name = Release;
		};
		63DF20FD2970E1A1005DF7D1 /* Debug */ = {
			isa = XCBuildConfiguration;
			buildSettings = {
				ALWAYS_SEARCH_USER_PATHS = NO;
				CLANG_ANALYZER_NONNULL = YES;
				CLANG_ANALYZER_NUMBER_OBJECT_CONVERSION = YES_AGGRESSIVE;
				CLANG_CXX_LANGUAGE_STANDARD = "gnu++20";
				CLANG_ENABLE_MODULES = YES;
				CLANG_ENABLE_OBJC_ARC = YES;
				CLANG_ENABLE_OBJC_WEAK = YES;
				CLANG_WARN_BLOCK_CAPTURE_AUTORELEASING = YES;
				CLANG_WARN_BOOL_CONVERSION = YES;
				CLANG_WARN_COMMA = YES;
				CLANG_WARN_CONSTANT_CONVERSION = YES;
				CLANG_WARN_DEPRECATED_OBJC_IMPLEMENTATIONS = YES;
				CLANG_WARN_DIRECT_OBJC_ISA_USAGE = YES_ERROR;
				CLANG_WARN_DOCUMENTATION_COMMENTS = YES;
				CLANG_WARN_EMPTY_BODY = YES;
				CLANG_WARN_ENUM_CONVERSION = YES;
				CLANG_WARN_INFINITE_RECURSION = YES;
				CLANG_WARN_INT_CONVERSION = YES;
				CLANG_WARN_NON_LITERAL_NULL_CONVERSION = YES;
				CLANG_WARN_OBJC_IMPLICIT_RETAIN_SELF = YES;
				CLANG_WARN_OBJC_LITERAL_CONVERSION = YES;
				CLANG_WARN_OBJC_ROOT_CLASS = YES_ERROR;
				CLANG_WARN_QUOTED_INCLUDE_IN_FRAMEWORK_HEADER = YES;
				CLANG_WARN_RANGE_LOOP_ANALYSIS = YES;
				CLANG_WARN_STRICT_PROTOTYPES = YES;
				CLANG_WARN_SUSPICIOUS_MOVE = YES;
				CLANG_WARN_UNGUARDED_AVAILABILITY = YES_AGGRESSIVE;
				CLANG_WARN_UNREACHABLE_CODE = YES;
				CLANG_WARN__DUPLICATE_METHOD_MATCH = YES;
				COPY_PHASE_STRIP = NO;
				DEBUG_INFORMATION_FORMAT = dwarf;
				ENABLE_STRICT_OBJC_MSGSEND = YES;
				ENABLE_TESTABILITY = YES;
				GCC_C_LANGUAGE_STANDARD = gnu11;
				GCC_DYNAMIC_NO_PIC = NO;
				GCC_NO_COMMON_BLOCKS = YES;
				GCC_OPTIMIZATION_LEVEL = 0;
				GCC_PREPROCESSOR_DEFINITIONS = (
					"DEBUG=1",
					"$(inherited)",
				);
				GCC_WARN_64_TO_32_BIT_CONVERSION = YES;
				GCC_WARN_ABOUT_RETURN_TYPE = YES_ERROR;
				GCC_WARN_UNDECLARED_SELECTOR = YES;
				GCC_WARN_UNINITIALIZED_AUTOS = YES_AGGRESSIVE;
				GCC_WARN_UNUSED_FUNCTION = YES;
				GCC_WARN_UNUSED_VARIABLE = YES;
				IPHONEOS_DEPLOYMENT_TARGET = 16.2;
				MTL_ENABLE_DEBUG_INFO = INCLUDE_SOURCE;
				MTL_FAST_MATH = YES;
				ONLY_ACTIVE_ARCH = YES;
				SDKROOT = iphoneos;
				SWIFT_ACTIVE_COMPILATION_CONDITIONS = DEBUG;
				SWIFT_OPTIMIZATION_LEVEL = "-Onone";
			};
			name = Debug;
		};
		63DF20FE2970E1A1005DF7D1 /* Release */ = {
			isa = XCBuildConfiguration;
			buildSettings = {
				ALWAYS_SEARCH_USER_PATHS = NO;
				CLANG_ANALYZER_NONNULL = YES;
				CLANG_ANALYZER_NUMBER_OBJECT_CONVERSION = YES_AGGRESSIVE;
				CLANG_CXX_LANGUAGE_STANDARD = "gnu++20";
				CLANG_ENABLE_MODULES = YES;
				CLANG_ENABLE_OBJC_ARC = YES;
				CLANG_ENABLE_OBJC_WEAK = YES;
				CLANG_WARN_BLOCK_CAPTURE_AUTORELEASING = YES;
				CLANG_WARN_BOOL_CONVERSION = YES;
				CLANG_WARN_COMMA = YES;
				CLANG_WARN_CONSTANT_CONVERSION = YES;
				CLANG_WARN_DEPRECATED_OBJC_IMPLEMENTATIONS = YES;
				CLANG_WARN_DIRECT_OBJC_ISA_USAGE = YES_ERROR;
				CLANG_WARN_DOCUMENTATION_COMMENTS = YES;
				CLANG_WARN_EMPTY_BODY = YES;
				CLANG_WARN_ENUM_CONVERSION = YES;
				CLANG_WARN_INFINITE_RECURSION = YES;
				CLANG_WARN_INT_CONVERSION = YES;
				CLANG_WARN_NON_LITERAL_NULL_CONVERSION = YES;
				CLANG_WARN_OBJC_IMPLICIT_RETAIN_SELF = YES;
				CLANG_WARN_OBJC_LITERAL_CONVERSION = YES;
				CLANG_WARN_OBJC_ROOT_CLASS = YES_ERROR;
				CLANG_WARN_QUOTED_INCLUDE_IN_FRAMEWORK_HEADER = YES;
				CLANG_WARN_RANGE_LOOP_ANALYSIS = YES;
				CLANG_WARN_STRICT_PROTOTYPES = YES;
				CLANG_WARN_SUSPICIOUS_MOVE = YES;
				CLANG_WARN_UNGUARDED_AVAILABILITY = YES_AGGRESSIVE;
				CLANG_WARN_UNREACHABLE_CODE = YES;
				CLANG_WARN__DUPLICATE_METHOD_MATCH = YES;
				COPY_PHASE_STRIP = NO;
				DEBUG_INFORMATION_FORMAT = "dwarf-with-dsym";
				ENABLE_NS_ASSERTIONS = NO;
				ENABLE_STRICT_OBJC_MSGSEND = YES;
				GCC_C_LANGUAGE_STANDARD = gnu11;
				GCC_NO_COMMON_BLOCKS = YES;
				GCC_WARN_64_TO_32_BIT_CONVERSION = YES;
				GCC_WARN_ABOUT_RETURN_TYPE = YES_ERROR;
				GCC_WARN_UNDECLARED_SELECTOR = YES;
				GCC_WARN_UNINITIALIZED_AUTOS = YES_AGGRESSIVE;
				GCC_WARN_UNUSED_FUNCTION = YES;
				GCC_WARN_UNUSED_VARIABLE = YES;
				IPHONEOS_DEPLOYMENT_TARGET = 16.2;
				MTL_ENABLE_DEBUG_INFO = NO;
				MTL_FAST_MATH = YES;
				SDKROOT = iphoneos;
				SWIFT_COMPILATION_MODE = wholemodule;
				SWIFT_OPTIMIZATION_LEVEL = "-O";
				VALIDATE_PRODUCT = YES;
			};
			name = Release;
		};
		63DF21002970E1A1005DF7D1 /* Debug */ = {
			isa = XCBuildConfiguration;
			buildSettings = {
				ASSETCATALOG_COMPILER_APPICON_NAME = AppIcon;
				ASSETCATALOG_COMPILER_GLOBAL_ACCENT_COLOR_NAME = AccentColor;
				CODE_SIGN_STYLE = Automatic;
				CURRENT_PROJECT_VERSION = 1;
				GENERATE_INFOPLIST_FILE = YES;
				INFOPLIST_FILE = BoxOffice/Resources/Info.plist;
				INFOPLIST_KEY_UIApplicationSupportsIndirectInputEvents = YES;
				INFOPLIST_KEY_UILaunchStoryboardName = LaunchScreen;
				INFOPLIST_KEY_UIMainStoryboardFile = "";
				INFOPLIST_KEY_UISupportedInterfaceOrientations_iPad = "UIInterfaceOrientationPortrait UIInterfaceOrientationPortraitUpsideDown UIInterfaceOrientationLandscapeLeft UIInterfaceOrientationLandscapeRight";
				INFOPLIST_KEY_UISupportedInterfaceOrientations_iPhone = "UIInterfaceOrientationPortrait UIInterfaceOrientationLandscapeLeft UIInterfaceOrientationLandscapeRight";
				IPHONEOS_DEPLOYMENT_TARGET = 14.0;
				LD_RUNPATH_SEARCH_PATHS = (
					"$(inherited)",
					"@executable_path/Frameworks",
				);
				MARKETING_VERSION = 1.0;
				PRODUCT_BUNDLE_IDENTIFIER = net.yagom.BoxOffice;
				PRODUCT_NAME = "$(TARGET_NAME)";
				SWIFT_EMIT_LOC_STRINGS = YES;
				SWIFT_VERSION = 5.0;
				TARGETED_DEVICE_FAMILY = "1,2";
			};
			name = Debug;
		};
		63DF21012970E1A1005DF7D1 /* Release */ = {
			isa = XCBuildConfiguration;
			buildSettings = {
				ASSETCATALOG_COMPILER_APPICON_NAME = AppIcon;
				ASSETCATALOG_COMPILER_GLOBAL_ACCENT_COLOR_NAME = AccentColor;
				CODE_SIGN_STYLE = Automatic;
				CURRENT_PROJECT_VERSION = 1;
				GENERATE_INFOPLIST_FILE = YES;
				INFOPLIST_FILE = BoxOffice/Resources/Info.plist;
				INFOPLIST_KEY_UIApplicationSupportsIndirectInputEvents = YES;
				INFOPLIST_KEY_UILaunchStoryboardName = LaunchScreen;
				INFOPLIST_KEY_UIMainStoryboardFile = "";
				INFOPLIST_KEY_UISupportedInterfaceOrientations_iPad = "UIInterfaceOrientationPortrait UIInterfaceOrientationPortraitUpsideDown UIInterfaceOrientationLandscapeLeft UIInterfaceOrientationLandscapeRight";
				INFOPLIST_KEY_UISupportedInterfaceOrientations_iPhone = "UIInterfaceOrientationPortrait UIInterfaceOrientationLandscapeLeft UIInterfaceOrientationLandscapeRight";
				IPHONEOS_DEPLOYMENT_TARGET = 14.0;
				LD_RUNPATH_SEARCH_PATHS = (
					"$(inherited)",
					"@executable_path/Frameworks",
				);
				MARKETING_VERSION = 1.0;
				PRODUCT_BUNDLE_IDENTIFIER = net.yagom.BoxOffice;
				PRODUCT_NAME = "$(TARGET_NAME)";
				SWIFT_EMIT_LOC_STRINGS = YES;
				SWIFT_VERSION = 5.0;
				TARGETED_DEVICE_FAMILY = "1,2";
			};
			name = Release;
		};
		D06CB3BD29C8770C00136FD3 /* Debug */ = {
			isa = XCBuildConfiguration;
			buildSettings = {
				BUNDLE_LOADER = "$(TEST_HOST)";
				CODE_SIGN_STYLE = Automatic;
				CURRENT_PROJECT_VERSION = 1;
				DEVELOPMENT_TEAM = U7WG3SYKJM;
				GENERATE_INFOPLIST_FILE = YES;
				IPHONEOS_DEPLOYMENT_TARGET = 16.2;
				MACOSX_DEPLOYMENT_TARGET = 13.0;
				MARKETING_VERSION = 1.0;
				PRODUCT_BUNDLE_IDENTIFIER = com.jinahpark.BoxOfficeTests;
				PRODUCT_NAME = "$(TARGET_NAME)";
				SDKROOT = auto;
				SUPPORTED_PLATFORMS = "iphoneos iphonesimulator macosx";
				SWIFT_EMIT_LOC_STRINGS = NO;
				SWIFT_VERSION = 5.0;
				TARGETED_DEVICE_FAMILY = "1,2";
				TEST_HOST = "$(BUILT_PRODUCTS_DIR)/BoxOffice.app/$(BUNDLE_EXECUTABLE_FOLDER_PATH)/BoxOffice";
			};
			name = Debug;
		};
		D06CB3BE29C8770C00136FD3 /* Release */ = {
			isa = XCBuildConfiguration;
			buildSettings = {
				BUNDLE_LOADER = "$(TEST_HOST)";
				CODE_SIGN_STYLE = Automatic;
				CURRENT_PROJECT_VERSION = 1;
				DEVELOPMENT_TEAM = U7WG3SYKJM;
				GENERATE_INFOPLIST_FILE = YES;
				IPHONEOS_DEPLOYMENT_TARGET = 16.2;
				MACOSX_DEPLOYMENT_TARGET = 13.0;
				MARKETING_VERSION = 1.0;
				PRODUCT_BUNDLE_IDENTIFIER = com.jinahpark.BoxOfficeTests;
				PRODUCT_NAME = "$(TARGET_NAME)";
				SDKROOT = auto;
				SUPPORTED_PLATFORMS = "iphoneos iphonesimulator macosx";
				SWIFT_EMIT_LOC_STRINGS = NO;
				SWIFT_VERSION = 5.0;
				TARGETED_DEVICE_FAMILY = "1,2";
				TEST_HOST = "$(BUILT_PRODUCTS_DIR)/BoxOffice.app/$(BUNDLE_EXECUTABLE_FOLDER_PATH)/BoxOffice";
			};
			name = Release;
		};
/* End XCBuildConfiguration section */

/* Begin XCConfigurationList section */
		08C61FA429CC1CA20006A1FE /* Build configuration list for PBXNativeTarget "NetworkManagerTests" */ = {
			isa = XCConfigurationList;
			buildConfigurations = (
				08C61FA229CC1CA20006A1FE /* Debug */,
				08C61FA329CC1CA20006A1FE /* Release */,
			);
			defaultConfigurationIsVisible = 0;
			defaultConfigurationName = Release;
		};
		63DF20E62970E1A0005DF7D1 /* Build configuration list for PBXProject "BoxOffice" */ = {
			isa = XCConfigurationList;
			buildConfigurations = (
				63DF20FD2970E1A1005DF7D1 /* Debug */,
				63DF20FE2970E1A1005DF7D1 /* Release */,
			);
			defaultConfigurationIsVisible = 0;
			defaultConfigurationName = Release;
		};
		63DF20FF2970E1A1005DF7D1 /* Build configuration list for PBXNativeTarget "BoxOffice" */ = {
			isa = XCConfigurationList;
			buildConfigurations = (
				63DF21002970E1A1005DF7D1 /* Debug */,
				63DF21012970E1A1005DF7D1 /* Release */,
			);
			defaultConfigurationIsVisible = 0;
			defaultConfigurationName = Release;
		};
		D06CB3BC29C8770C00136FD3 /* Build configuration list for PBXNativeTarget "BoxOfficeTests" */ = {
			isa = XCConfigurationList;
			buildConfigurations = (
				D06CB3BD29C8770C00136FD3 /* Debug */,
				D06CB3BE29C8770C00136FD3 /* Release */,
			);
			defaultConfigurationIsVisible = 0;
			defaultConfigurationName = Release;
		};
/* End XCConfigurationList section */
	};
	rootObject = 63DF20E32970E1A0005DF7D1 /* Project object */;
}
