// !$*UTF8*$!
{
	archiveVersion = 1;
	classes = {
	};
	objectVersion = 56;
	objects = {

/* Begin PBXBuildFile section */
		4B181D0729D287D900B3CD47 /* extension+String.swift in Sources */ = {isa = PBXBuildFile; fileRef = 4B181D0629D287D900B3CD47 /* extension+String.swift */; };
		4B181D0929D2AD8D00B3CD47 /* LoadingIndicator.swift in Sources */ = {isa = PBXBuildFile; fileRef = 4B181D0829D2AD8D00B3CD47 /* LoadingIndicator.swift */; };
		4B4A799329D3FD5700514141 /* MovieDetailsViewController.swift in Sources */ = {isa = PBXBuildFile; fileRef = 4B4A799229D3FD5700514141 /* MovieDetailsViewController.swift */; };
		4B4A799729D4317100514141 /* DaumSearchAPI.swift in Sources */ = {isa = PBXBuildFile; fileRef = 4B4A799629D4317100514141 /* DaumSearchAPI.swift */; };
		4B81025629D1621900A8DC89 /* DailyBoxOfficeCell.swift in Sources */ = {isa = PBXBuildFile; fileRef = 4B81025529D1621900A8DC89 /* DailyBoxOfficeCell.swift */; };
		4B9E3A0329C9767E00B60AD1 /* MovieDetails.swift in Sources */ = {isa = PBXBuildFile; fileRef = 4B9E3A0229C9767E00B60AD1 /* MovieDetails.swift */; };
		4B9E3A1B29CAD72E00B60AD1 /* JSONModelTests.swift in Sources */ = {isa = PBXBuildFile; fileRef = 4B9E3A1A29CAD72E00B60AD1 /* JSONModelTests.swift */; };
		4B9E3A2729CADF9D00B60AD1 /* DataTaskMakeable.swift in Sources */ = {isa = PBXBuildFile; fileRef = 4B9E3A2629CADF9D00B60AD1 /* DataTaskMakeable.swift */; };
		4B9E3A2A29CAE42100B60AD1 /* TestDoubles.swift in Sources */ = {isa = PBXBuildFile; fileRef = 4B9E3A2929CAE42100B60AD1 /* TestDoubles.swift */; };
		4B9E3A5429CD838300B60AD1 /* KobisAPI.swift in Sources */ = {isa = PBXBuildFile; fileRef = ADF3305029CAF5DB00E0EF8B /* KobisAPI.swift */; };
		63DF20EF2970E1A0005DF7D1 /* AppDelegate.swift in Sources */ = {isa = PBXBuildFile; fileRef = 63DF20EE2970E1A0005DF7D1 /* AppDelegate.swift */; };
		63DF20F12970E1A0005DF7D1 /* SceneDelegate.swift in Sources */ = {isa = PBXBuildFile; fileRef = 63DF20F02970E1A0005DF7D1 /* SceneDelegate.swift */; };
		63DF20F32970E1A0005DF7D1 /* DailyBoxOfficeViewController.swift in Sources */ = {isa = PBXBuildFile; fileRef = 63DF20F22970E1A0005DF7D1 /* DailyBoxOfficeViewController.swift */; };
		63DF20F62970E1A0005DF7D1 /* Main.storyboard in Resources */ = {isa = PBXBuildFile; fileRef = 63DF20F42970E1A0005DF7D1 /* Main.storyboard */; };
		63DF20F82970E1A1005DF7D1 /* Assets.xcassets in Resources */ = {isa = PBXBuildFile; fileRef = 63DF20F72970E1A1005DF7D1 /* Assets.xcassets */; };
		63DF20FB2970E1A1005DF7D1 /* LaunchScreen.storyboard in Resources */ = {isa = PBXBuildFile; fileRef = 63DF20F92970E1A1005DF7D1 /* LaunchScreen.storyboard */; };
		AD0A490829C9866D0030CBC1 /* NetworkError.swift in Sources */ = {isa = PBXBuildFile; fileRef = AD0A490729C9866D0030CBC1 /* NetworkError.swift */; };
		AD1E9C1D29CDD2920023A817 /* Endpoint.swift in Sources */ = {isa = PBXBuildFile; fileRef = AD1E9C1C29CDD2920023A817 /* Endpoint.swift */; };
		AD1E9C1F29CDD2CA0023A817 /* API.swift in Sources */ = {isa = PBXBuildFile; fileRef = AD1E9C1E29CDD2CA0023A817 /* API.swift */; };
		AD3094A029C81C710052C64D /* DailyBoxOffice.swift in Sources */ = {isa = PBXBuildFile; fileRef = AD30949F29C81C710052C64D /* DailyBoxOffice.swift */; };
		AD3094A829C824A20052C64D /* APIProviderTests.swift in Sources */ = {isa = PBXBuildFile; fileRef = AD3094A729C824A20052C64D /* APIProviderTests.swift */; };
		AD3094B029C825610052C64D /* APIProvider.swift in Sources */ = {isa = PBXBuildFile; fileRef = AD3094AF29C825610052C64D /* APIProvider.swift */; };
		AD3D401D29D1CFC800A56210 /* extension+DateFormatter.swift in Sources */ = {isa = PBXBuildFile; fileRef = AD3D401C29D1CFC800A56210 /* extension+DateFormatter.swift */; };
		AD3D401F29D28E5200A56210 /* extension+CALayer.swift in Sources */ = {isa = PBXBuildFile; fileRef = AD3D401E29D28E5200A56210 /* extension+CALayer.swift */; };
		AD3D402129D2C98B00A56210 /* URLRequestGenerator.swift in Sources */ = {isa = PBXBuildFile; fileRef = AD3D402029D2C98B00A56210 /* URLRequestGenerator.swift */; };
		AD69655D29DA9929004A7502 /* CategoryStackView.swift in Sources */ = {isa = PBXBuildFile; fileRef = AD69655C29DA9929004A7502 /* CategoryStackView.swift */; };
		AD69655F29DA993D004A7502 /* AlertController.swift in Sources */ = {isa = PBXBuildFile; fileRef = AD69655E29DA993D004A7502 /* AlertController.swift */; };
		ADE1B1BD29D4356B00632173 /* DaumSearchResult.swift in Sources */ = {isa = PBXBuildFile; fileRef = ADE1B1BC29D4356B00632173 /* DaumSearchResult.swift */; };
/* End PBXBuildFile section */

/* Begin PBXContainerItemProxy section */
		4B9E3A1C29CAD72E00B60AD1 /* PBXContainerItemProxy */ = {
			isa = PBXContainerItemProxy;
			containerPortal = 63DF20E32970E1A0005DF7D1 /* Project object */;
			proxyType = 1;
			remoteGlobalIDString = 63DF20EA2970E1A0005DF7D1;
			remoteInfo = BoxOffice;
		};
		AD3094A929C824A20052C64D /* PBXContainerItemProxy */ = {
			isa = PBXContainerItemProxy;
			containerPortal = 63DF20E32970E1A0005DF7D1 /* Project object */;
			proxyType = 1;
			remoteGlobalIDString = 63DF20EA2970E1A0005DF7D1;
			remoteInfo = BoxOffice;
		};
/* End PBXContainerItemProxy section */

/* Begin PBXFileReference section */
		4B181D0629D287D900B3CD47 /* extension+String.swift */ = {isa = PBXFileReference; lastKnownFileType = sourcecode.swift; path = "extension+String.swift"; sourceTree = "<group>"; };
		4B181D0829D2AD8D00B3CD47 /* LoadingIndicator.swift */ = {isa = PBXFileReference; lastKnownFileType = sourcecode.swift; path = LoadingIndicator.swift; sourceTree = "<group>"; };
		4B4A799229D3FD5700514141 /* MovieDetailsViewController.swift */ = {isa = PBXFileReference; lastKnownFileType = sourcecode.swift; path = MovieDetailsViewController.swift; sourceTree = "<group>"; };
		4B4A799629D4317100514141 /* DaumSearchAPI.swift */ = {isa = PBXFileReference; lastKnownFileType = sourcecode.swift; path = DaumSearchAPI.swift; sourceTree = "<group>"; };
		4B81025529D1621900A8DC89 /* DailyBoxOfficeCell.swift */ = {isa = PBXFileReference; lastKnownFileType = sourcecode.swift; path = DailyBoxOfficeCell.swift; sourceTree = "<group>"; };
		4B829D3F29DAABBD00C20962 /* BoxOffice.app */ = {isa = PBXFileReference; explicitFileType = wrapper.application; includeInIndex = 0; name = BoxOffice.app; path = "/Users/soyeon/Desktop/yagom/ios-box-office/build/Debug-iphoneos/BoxOffice.app"; sourceTree = "<absolute>"; };
		4B829D4029DAABBD00C20962 /* BoxOfficeTests.xctest */ = {isa = PBXFileReference; explicitFileType = wrapper.cfbundle; includeInIndex = 0; name = BoxOfficeTests.xctest; path = "/Users/soyeon/Desktop/yagom/ios-box-office/build/Debug/BoxOfficeTests.xctest"; sourceTree = "<absolute>"; };
		4B829D4129DAABBD00C20962 /* JSONModelTests.xctest */ = {isa = PBXFileReference; explicitFileType = wrapper.cfbundle; includeInIndex = 0; name = JSONModelTests.xctest; path = "/Users/soyeon/Desktop/yagom/ios-box-office/build/Debug/JSONModelTests.xctest"; sourceTree = "<absolute>"; };
		4B9E3A0229C9767E00B60AD1 /* MovieDetails.swift */ = {isa = PBXFileReference; lastKnownFileType = sourcecode.swift; path = MovieDetails.swift; sourceTree = "<group>"; };
		4B9E3A1A29CAD72E00B60AD1 /* JSONModelTests.swift */ = {isa = PBXFileReference; lastKnownFileType = sourcecode.swift; path = JSONModelTests.swift; sourceTree = "<group>"; };
		4B9E3A2629CADF9D00B60AD1 /* DataTaskMakeable.swift */ = {isa = PBXFileReference; lastKnownFileType = sourcecode.swift; path = DataTaskMakeable.swift; sourceTree = "<group>"; };
		4B9E3A2929CAE42100B60AD1 /* TestDoubles.swift */ = {isa = PBXFileReference; lastKnownFileType = sourcecode.swift; path = TestDoubles.swift; sourceTree = "<group>"; };
		63DF20EE2970E1A0005DF7D1 /* AppDelegate.swift */ = {isa = PBXFileReference; lastKnownFileType = sourcecode.swift; path = AppDelegate.swift; sourceTree = "<group>"; };
		63DF20F02970E1A0005DF7D1 /* SceneDelegate.swift */ = {isa = PBXFileReference; lastKnownFileType = sourcecode.swift; path = SceneDelegate.swift; sourceTree = "<group>"; };
		63DF20F22970E1A0005DF7D1 /* DailyBoxOfficeViewController.swift */ = {isa = PBXFileReference; lastKnownFileType = sourcecode.swift; path = DailyBoxOfficeViewController.swift; sourceTree = "<group>"; };
		63DF20F52970E1A0005DF7D1 /* Base */ = {isa = PBXFileReference; lastKnownFileType = file.storyboard; name = Base; path = Base.lproj/Main.storyboard; sourceTree = "<group>"; };
		63DF20F72970E1A1005DF7D1 /* Assets.xcassets */ = {isa = PBXFileReference; lastKnownFileType = folder.assetcatalog; path = Assets.xcassets; sourceTree = "<group>"; };
		63DF20FA2970E1A1005DF7D1 /* Base */ = {isa = PBXFileReference; lastKnownFileType = file.storyboard; name = Base; path = Base.lproj/LaunchScreen.storyboard; sourceTree = "<group>"; };
		AD0A490729C9866D0030CBC1 /* NetworkError.swift */ = {isa = PBXFileReference; lastKnownFileType = sourcecode.swift; path = NetworkError.swift; sourceTree = "<group>"; };
		AD1E9C1C29CDD2920023A817 /* Endpoint.swift */ = {isa = PBXFileReference; lastKnownFileType = sourcecode.swift; path = Endpoint.swift; sourceTree = "<group>"; };
		AD1E9C1E29CDD2CA0023A817 /* API.swift */ = {isa = PBXFileReference; lastKnownFileType = sourcecode.swift; path = API.swift; sourceTree = "<group>"; };
		AD30949F29C81C710052C64D /* DailyBoxOffice.swift */ = {isa = PBXFileReference; lastKnownFileType = sourcecode.swift; path = DailyBoxOffice.swift; sourceTree = "<group>"; };
		AD3094A729C824A20052C64D /* APIProviderTests.swift */ = {isa = PBXFileReference; lastKnownFileType = sourcecode.swift; path = APIProviderTests.swift; sourceTree = "<group>"; };
		AD3094AF29C825610052C64D /* APIProvider.swift */ = {isa = PBXFileReference; lastKnownFileType = sourcecode.swift; path = APIProvider.swift; sourceTree = "<group>"; };
		AD3D401C29D1CFC800A56210 /* extension+DateFormatter.swift */ = {isa = PBXFileReference; lastKnownFileType = sourcecode.swift; path = "extension+DateFormatter.swift"; sourceTree = "<group>"; };
		AD3D401E29D28E5200A56210 /* extension+CALayer.swift */ = {isa = PBXFileReference; lastKnownFileType = sourcecode.swift; path = "extension+CALayer.swift"; sourceTree = "<group>"; };
		AD3D402029D2C98B00A56210 /* URLRequestGenerator.swift */ = {isa = PBXFileReference; lastKnownFileType = sourcecode.swift; path = URLRequestGenerator.swift; sourceTree = "<group>"; };
		AD69655C29DA9929004A7502 /* CategoryStackView.swift */ = {isa = PBXFileReference; fileEncoding = 4; lastKnownFileType = sourcecode.swift; path = CategoryStackView.swift; sourceTree = "<group>"; };
		AD69655E29DA993D004A7502 /* AlertController.swift */ = {isa = PBXFileReference; fileEncoding = 4; lastKnownFileType = sourcecode.swift; path = AlertController.swift; sourceTree = "<group>"; };
		ADE1B1BC29D4356B00632173 /* DaumSearchResult.swift */ = {isa = PBXFileReference; lastKnownFileType = sourcecode.swift; path = DaumSearchResult.swift; sourceTree = "<group>"; };
		ADF3305029CAF5DB00E0EF8B /* KobisAPI.swift */ = {isa = PBXFileReference; lastKnownFileType = sourcecode.swift; path = KobisAPI.swift; sourceTree = "<group>"; };
/* End PBXFileReference section */

/* Begin PBXFrameworksBuildPhase section */
		4B9E3A1529CAD72E00B60AD1 /* Frameworks */ = {
			isa = PBXFrameworksBuildPhase;
			buildActionMask = 2147483647;
			files = (
			);
			runOnlyForDeploymentPostprocessing = 0;
		};
		63DF20E82970E1A0005DF7D1 /* Frameworks */ = {
			isa = PBXFrameworksBuildPhase;
			buildActionMask = 2147483647;
			files = (
			);
			runOnlyForDeploymentPostprocessing = 0;
		};
		AD3094A229C824A20052C64D /* Frameworks */ = {
			isa = PBXFrameworksBuildPhase;
			buildActionMask = 2147483647;
			files = (
			);
			runOnlyForDeploymentPostprocessing = 0;
		};
/* End PBXFrameworksBuildPhase section */

/* Begin PBXGroup section */
		4B9E3A1329C986EC00B60AD1 /* Error */ = {
			isa = PBXGroup;
			children = (
				AD0A490729C9866D0030CBC1 /* NetworkError.swift */,
			);
			path = Error;
			sourceTree = "<group>";
		};
		4B9E3A1929CAD72E00B60AD1 /* JSONModelTests */ = {
			isa = PBXGroup;
			children = (
				4B9E3A1A29CAD72E00B60AD1 /* JSONModelTests.swift */,
			);
			path = JSONModelTests;
			sourceTree = "<group>";
		};
		4B9E3A2529CADF8600B60AD1 /* Protocol */ = {
			isa = PBXGroup;
			children = (
				AD1E9C1E29CDD2CA0023A817 /* API.swift */,
				4B9E3A2629CADF9D00B60AD1 /* DataTaskMakeable.swift */,
				AD3D402029D2C98B00A56210 /* URLRequestGenerator.swift */,
			);
			path = Protocol;
			sourceTree = "<group>";
		};
		4B9E3A2829CAE40500B60AD1 /* APIProviderTests */ = {
			isa = PBXGroup;
			children = (
				AD3094A729C824A20052C64D /* APIProviderTests.swift */,
				4B9E3A2929CAE42100B60AD1 /* TestDoubles.swift */,
			);
			path = APIProviderTests;
			sourceTree = "<group>";
		};
		4BDF6F6E29D812360058FCC0 /* Utility */ = {
			isa = PBXGroup;
			children = (
				4BDF6F6F29D8124C0058FCC0 /* Extension */,
				4B181D0829D2AD8D00B3CD47 /* LoadingIndicator.swift */,
				AD69655E29DA993D004A7502 /* AlertController.swift */,
			);
			path = Utility;
			sourceTree = "<group>";
		};
		4BDF6F6F29D8124C0058FCC0 /* Extension */ = {
			isa = PBXGroup;
			children = (
				AD3D401E29D28E5200A56210 /* extension+CALayer.swift */,
				AD3D401C29D1CFC800A56210 /* extension+DateFormatter.swift */,
				4B181D0629D287D900B3CD47 /* extension+String.swift */,
			);
			path = Extension;
			sourceTree = "<group>";
		};
		63DF20E22970E1A0005DF7D1 = {
			isa = PBXGroup;
			children = (
				63DF20ED2970E1A0005DF7D1 /* BoxOffice */,
				AD3094A629C824A20052C64D /* BoxOfficeTests */,
			);
			sourceTree = "<group>";
		};
		63DF20ED2970E1A0005DF7D1 /* BoxOffice */ = {
			isa = PBXGroup;
			children = (
				AD1E9C2229CDD3860023A817 /* App */,
				AD30949E29C81B0B0052C64D /* Model */,
				AD30949D29C81B090052C64D /* View */,
				AD30949C29C81B060052C64D /* Controller */,
				AD1E9C1B29CDD2700023A817 /* Network */,
				4BDF6F6E29D812360058FCC0 /* Utility */,
				AD1E9C2129CDD3800023A817 /* Resource */,
				AD1E9C2029CDD3540023A817 /* Storyboard */,
			);
			path = BoxOffice;
			sourceTree = "<group>";
		};
		AD0A48F329C97B730030CBC1 /* ResponseModel */ = {
			isa = PBXGroup;
			children = (
				AD30949F29C81C710052C64D /* DailyBoxOffice.swift */,
				4B9E3A0229C9767E00B60AD1 /* MovieDetails.swift */,
				ADE1B1BC29D4356B00632173 /* DaumSearchResult.swift */,
			);
			path = ResponseModel;
			sourceTree = "<group>";
		};
		AD1E9C1B29CDD2700023A817 /* Network */ = {
			isa = PBXGroup;
			children = (
				AD3094AF29C825610052C64D /* APIProvider.swift */,
				AD1E9C1C29CDD2920023A817 /* Endpoint.swift */,
				4B4A799629D4317100514141 /* DaumSearchAPI.swift */,
				ADF3305029CAF5DB00E0EF8B /* KobisAPI.swift */,
				4B9E3A1329C986EC00B60AD1 /* Error */,
				4B9E3A2529CADF8600B60AD1 /* Protocol */,
			);
			path = Network;
			sourceTree = "<group>";
		};
		AD1E9C2029CDD3540023A817 /* Storyboard */ = {
			isa = PBXGroup;
			children = (
				63DF20F42970E1A0005DF7D1 /* Main.storyboard */,
			);
			path = Storyboard;
			sourceTree = "<group>";
		};
		AD1E9C2129CDD3800023A817 /* Resource */ = {
			isa = PBXGroup;
			children = (
				63DF20F72970E1A1005DF7D1 /* Assets.xcassets */,
				63DF20F92970E1A1005DF7D1 /* LaunchScreen.storyboard */,
			);
			path = Resource;
			sourceTree = "<group>";
		};
		AD1E9C2229CDD3860023A817 /* App */ = {
			isa = PBXGroup;
			children = (
				63DF20F02970E1A0005DF7D1 /* SceneDelegate.swift */,
				63DF20EE2970E1A0005DF7D1 /* AppDelegate.swift */,
			);
			path = App;
			sourceTree = "<group>";
		};
		AD30949C29C81B060052C64D /* Controller */ = {
			isa = PBXGroup;
			children = (
				63DF20F22970E1A0005DF7D1 /* DailyBoxOfficeViewController.swift */,
				4B4A799229D3FD5700514141 /* MovieDetailsViewController.swift */,
			);
			path = Controller;
			sourceTree = "<group>";
		};
		AD30949D29C81B090052C64D /* View */ = {
			isa = PBXGroup;
			children = (
				AD69655C29DA9929004A7502 /* CategoryStackView.swift */,
				4B81025529D1621900A8DC89 /* DailyBoxOfficeCell.swift */,
			);
			path = View;
			sourceTree = "<group>";
		};
		AD30949E29C81B0B0052C64D /* Model */ = {
			isa = PBXGroup;
			children = (
				AD0A48F329C97B730030CBC1 /* ResponseModel */,
			);
			path = Model;
			sourceTree = "<group>";
		};
		AD3094A629C824A20052C64D /* BoxOfficeTests */ = {
			isa = PBXGroup;
			children = (
				4B9E3A2829CAE40500B60AD1 /* APIProviderTests */,
				4B9E3A1929CAD72E00B60AD1 /* JSONModelTests */,
			);
			path = BoxOfficeTests;
			sourceTree = "<group>";
		};
/* End PBXGroup section */

/* Begin PBXNativeTarget section */
		4B9E3A1729CAD72E00B60AD1 /* JSONModelTests */ = {
			isa = PBXNativeTarget;
			buildConfigurationList = 4B9E3A1E29CAD72E00B60AD1 /* Build configuration list for PBXNativeTarget "JSONModelTests" */;
			buildPhases = (
				4B9E3A1429CAD72E00B60AD1 /* Sources */,
				4B9E3A1529CAD72E00B60AD1 /* Frameworks */,
				4B9E3A1629CAD72E00B60AD1 /* Resources */,
			);
			buildRules = (
			);
			dependencies = (
				4B9E3A1D29CAD72E00B60AD1 /* PBXTargetDependency */,
			);
			name = JSONModelTests;
			productName = JSONModelTests;
			productReference = 4B829D4129DAABBD00C20962 /* JSONModelTests.xctest */;
			productType = "com.apple.product-type.bundle.unit-test";
		};
		63DF20EA2970E1A0005DF7D1 /* BoxOffice */ = {
			isa = PBXNativeTarget;
			buildConfigurationList = 63DF20FF2970E1A1005DF7D1 /* Build configuration list for PBXNativeTarget "BoxOffice" */;
			buildPhases = (
				63DF20E72970E1A0005DF7D1 /* Sources */,
				63DF20E82970E1A0005DF7D1 /* Frameworks */,
				63DF20E92970E1A0005DF7D1 /* Resources */,
			);
			buildRules = (
			);
			dependencies = (
			);
			name = BoxOffice;
			productName = BoxOffice;
			productReference = 4B829D3F29DAABBD00C20962 /* BoxOffice.app */;
			productType = "com.apple.product-type.application";
		};
		AD3094A429C824A20052C64D /* BoxOfficeTests */ = {
			isa = PBXNativeTarget;
			buildConfigurationList = AD3094AB29C824A30052C64D /* Build configuration list for PBXNativeTarget "BoxOfficeTests" */;
			buildPhases = (
				AD3094A129C824A20052C64D /* Sources */,
				AD3094A229C824A20052C64D /* Frameworks */,
				AD3094A329C824A20052C64D /* Resources */,
			);
			buildRules = (
			);
			dependencies = (
				AD3094AA29C824A20052C64D /* PBXTargetDependency */,
			);
			name = BoxOfficeTests;
			productName = BoxOfficeTests;
			productReference = 4B829D4029DAABBD00C20962 /* BoxOfficeTests.xctest */;
			productType = "com.apple.product-type.bundle.unit-test";
		};
/* End PBXNativeTarget section */

/* Begin PBXProject section */
		63DF20E32970E1A0005DF7D1 /* Project object */ = {
			isa = PBXProject;
			attributes = {
				BuildIndependentTargetsInParallel = 1;
				LastSwiftUpdateCheck = 1420;
				LastUpgradeCheck = 1420;
				TargetAttributes = {
					4B9E3A1729CAD72E00B60AD1 = {
						CreatedOnToolsVersion = 14.2;
						TestTargetID = 63DF20EA2970E1A0005DF7D1;
					};
					63DF20EA2970E1A0005DF7D1 = {
						CreatedOnToolsVersion = 14.2;
					};
					AD3094A429C824A20052C64D = {
						CreatedOnToolsVersion = 14.2;
						TestTargetID = 63DF20EA2970E1A0005DF7D1;
					};
				};
			};
			buildConfigurationList = 63DF20E62970E1A0005DF7D1 /* Build configuration list for PBXProject "BoxOffice" */;
			compatibilityVersion = "Xcode 14.0";
			developmentRegion = en;
			hasScannedForEncodings = 0;
			knownRegions = (
				en,
				Base,
			);
			mainGroup = 63DF20E22970E1A0005DF7D1;
			productRefGroup = 63DF20E22970E1A0005DF7D1;
			projectDirPath = "";
			projectRoot = "";
			targets = (
				63DF20EA2970E1A0005DF7D1 /* BoxOffice */,
				AD3094A429C824A20052C64D /* BoxOfficeTests */,
				4B9E3A1729CAD72E00B60AD1 /* JSONModelTests */,
			);
		};
/* End PBXProject section */

/* Begin PBXResourcesBuildPhase section */
		4B9E3A1629CAD72E00B60AD1 /* Resources */ = {
			isa = PBXResourcesBuildPhase;
			buildActionMask = 2147483647;
			files = (
			);
			runOnlyForDeploymentPostprocessing = 0;
		};
		63DF20E92970E1A0005DF7D1 /* Resources */ = {
			isa = PBXResourcesBuildPhase;
			buildActionMask = 2147483647;
			files = (
				63DF20FB2970E1A1005DF7D1 /* LaunchScreen.storyboard in Resources */,
				63DF20F82970E1A1005DF7D1 /* Assets.xcassets in Resources */,
				63DF20F62970E1A0005DF7D1 /* Main.storyboard in Resources */,
			);
			runOnlyForDeploymentPostprocessing = 0;
		};
		AD3094A329C824A20052C64D /* Resources */ = {
			isa = PBXResourcesBuildPhase;
			buildActionMask = 2147483647;
			files = (
			);
			runOnlyForDeploymentPostprocessing = 0;
		};
/* End PBXResourcesBuildPhase section */

/* Begin PBXSourcesBuildPhase section */
		4B9E3A1429CAD72E00B60AD1 /* Sources */ = {
			isa = PBXSourcesBuildPhase;
			buildActionMask = 2147483647;
			files = (
				4B9E3A1B29CAD72E00B60AD1 /* JSONModelTests.swift in Sources */,
			);
			runOnlyForDeploymentPostprocessing = 0;
		};
		63DF20E72970E1A0005DF7D1 /* Sources */ = {
			isa = PBXSourcesBuildPhase;
			buildActionMask = 2147483647;
			files = (
				ADE1B1BD29D4356B00632173 /* DaumSearchResult.swift in Sources */,
				AD69655D29DA9929004A7502 /* CategoryStackView.swift in Sources */,
				AD1E9C1F29CDD2CA0023A817 /* API.swift in Sources */,
				4B4A799329D3FD5700514141 /* MovieDetailsViewController.swift in Sources */,
				4B181D0729D287D900B3CD47 /* extension+String.swift in Sources */,
				AD3D401F29D28E5200A56210 /* extension+CALayer.swift in Sources */,
				4B9E3A2729CADF9D00B60AD1 /* DataTaskMakeable.swift in Sources */,
				4B4A799729D4317100514141 /* DaumSearchAPI.swift in Sources */,
				4B9E3A5429CD838300B60AD1 /* KobisAPI.swift in Sources */,
				AD1E9C1D29CDD2920023A817 /* Endpoint.swift in Sources */,
				AD69655F29DA993D004A7502 /* AlertController.swift in Sources */,
				63DF20F32970E1A0005DF7D1 /* DailyBoxOfficeViewController.swift in Sources */,
				AD3094B029C825610052C64D /* APIProvider.swift in Sources */,
				AD3094A029C81C710052C64D /* DailyBoxOffice.swift in Sources */,
				63DF20EF2970E1A0005DF7D1 /* AppDelegate.swift in Sources */,
				AD0A490829C9866D0030CBC1 /* NetworkError.swift in Sources */,
				AD3D401D29D1CFC800A56210 /* extension+DateFormatter.swift in Sources */,
				AD3D402129D2C98B00A56210 /* URLRequestGenerator.swift in Sources */,
				63DF20F12970E1A0005DF7D1 /* SceneDelegate.swift in Sources */,
				4B181D0929D2AD8D00B3CD47 /* LoadingIndicator.swift in Sources */,
				4B9E3A0329C9767E00B60AD1 /* MovieDetails.swift in Sources */,
				4B81025629D1621900A8DC89 /* DailyBoxOfficeCell.swift in Sources */,
			);
			runOnlyForDeploymentPostprocessing = 0;
		};
		AD3094A129C824A20052C64D /* Sources */ = {
			isa = PBXSourcesBuildPhase;
			buildActionMask = 2147483647;
			files = (
				4B9E3A2A29CAE42100B60AD1 /* TestDoubles.swift in Sources */,
				AD3094A829C824A20052C64D /* APIProviderTests.swift in Sources */,
			);
			runOnlyForDeploymentPostprocessing = 0;
		};
/* End PBXSourcesBuildPhase section */

/* Begin PBXTargetDependency section */
		4B9E3A1D29CAD72E00B60AD1 /* PBXTargetDependency */ = {
			isa = PBXTargetDependency;
			target = 63DF20EA2970E1A0005DF7D1 /* BoxOffice */;
			targetProxy = 4B9E3A1C29CAD72E00B60AD1 /* PBXContainerItemProxy */;
		};
		AD3094AA29C824A20052C64D /* PBXTargetDependency */ = {
			isa = PBXTargetDependency;
			target = 63DF20EA2970E1A0005DF7D1 /* BoxOffice */;
			targetProxy = AD3094A929C824A20052C64D /* PBXContainerItemProxy */;
		};
/* End PBXTargetDependency section */

/* Begin PBXVariantGroup section */
		63DF20F42970E1A0005DF7D1 /* Main.storyboard */ = {
			isa = PBXVariantGroup;
			children = (
				63DF20F52970E1A0005DF7D1 /* Base */,
			);
			name = Main.storyboard;
			sourceTree = "<group>";
		};
		63DF20F92970E1A1005DF7D1 /* LaunchScreen.storyboard */ = {
			isa = PBXVariantGroup;
			children = (
				63DF20FA2970E1A1005DF7D1 /* Base */,
			);
			name = LaunchScreen.storyboard;
			sourceTree = "<group>";
		};
/* End PBXVariantGroup section */

/* Begin XCBuildConfiguration section */
		4B9E3A1F29CAD72E00B60AD1 /* Debug */ = {
			isa = XCBuildConfiguration;
			buildSettings = {
				BUNDLE_LOADER = "$(TEST_HOST)";
				CODE_SIGN_STYLE = Automatic;
				CURRENT_PROJECT_VERSION = 1;
				GENERATE_INFOPLIST_FILE = YES;
				IPHONEOS_DEPLOYMENT_TARGET = 16.2;
				MACOSX_DEPLOYMENT_TARGET = 13.1;
				MARKETING_VERSION = 1.0;
				PRODUCT_BUNDLE_IDENTIFIER = muri.JSONModelTests;
				PRODUCT_NAME = "$(TARGET_NAME)";
				SDKROOT = auto;
				SUPPORTED_PLATFORMS = "iphoneos iphonesimulator macosx";
				SWIFT_EMIT_LOC_STRINGS = NO;
				SWIFT_VERSION = 5.0;
				TARGETED_DEVICE_FAMILY = "1,2";
				TEST_HOST = "$(BUILT_PRODUCTS_DIR)/BoxOffice.app/$(BUNDLE_EXECUTABLE_FOLDER_PATH)/BoxOffice";
			};
			name = Debug;
		};
		4B9E3A2029CAD72E00B60AD1 /* Release */ = {
			isa = XCBuildConfiguration;
			buildSettings = {
				BUNDLE_LOADER = "$(TEST_HOST)";
				CODE_SIGN_STYLE = Automatic;
				CURRENT_PROJECT_VERSION = 1;
				GENERATE_INFOPLIST_FILE = YES;
				IPHONEOS_DEPLOYMENT_TARGET = 16.2;
				MACOSX_DEPLOYMENT_TARGET = 13.1;
				MARKETING_VERSION = 1.0;
				PRODUCT_BUNDLE_IDENTIFIER = muri.JSONModelTests;
				PRODUCT_NAME = "$(TARGET_NAME)";
				SDKROOT = auto;
				SUPPORTED_PLATFORMS = "iphoneos iphonesimulator macosx";
				SWIFT_EMIT_LOC_STRINGS = NO;
				SWIFT_VERSION = 5.0;
				TARGETED_DEVICE_FAMILY = "1,2";
				TEST_HOST = "$(BUILT_PRODUCTS_DIR)/BoxOffice.app/$(BUNDLE_EXECUTABLE_FOLDER_PATH)/BoxOffice";
			};
			name = Release;
		};
		63DF20FD2970E1A1005DF7D1 /* Debug */ = {
			isa = XCBuildConfiguration;
			buildSettings = {
				ALWAYS_SEARCH_USER_PATHS = NO;
				CLANG_ANALYZER_NONNULL = YES;
				CLANG_ANALYZER_NUMBER_OBJECT_CONVERSION = YES_AGGRESSIVE;
				CLANG_CXX_LANGUAGE_STANDARD = "gnu++20";
				CLANG_ENABLE_MODULES = YES;
				CLANG_ENABLE_OBJC_ARC = YES;
				CLANG_ENABLE_OBJC_WEAK = YES;
				CLANG_WARN_BLOCK_CAPTURE_AUTORELEASING = YES;
				CLANG_WARN_BOOL_CONVERSION = YES;
				CLANG_WARN_COMMA = YES;
				CLANG_WARN_CONSTANT_CONVERSION = YES;
				CLANG_WARN_DEPRECATED_OBJC_IMPLEMENTATIONS = YES;
				CLANG_WARN_DIRECT_OBJC_ISA_USAGE = YES_ERROR;
				CLANG_WARN_DOCUMENTATION_COMMENTS = YES;
				CLANG_WARN_EMPTY_BODY = YES;
				CLANG_WARN_ENUM_CONVERSION = YES;
				CLANG_WARN_INFINITE_RECURSION = YES;
				CLANG_WARN_INT_CONVERSION = YES;
				CLANG_WARN_NON_LITERAL_NULL_CONVERSION = YES;
				CLANG_WARN_OBJC_IMPLICIT_RETAIN_SELF = YES;
				CLANG_WARN_OBJC_LITERAL_CONVERSION = YES;
				CLANG_WARN_OBJC_ROOT_CLASS = YES_ERROR;
				CLANG_WARN_QUOTED_INCLUDE_IN_FRAMEWORK_HEADER = YES;
				CLANG_WARN_RANGE_LOOP_ANALYSIS = YES;
				CLANG_WARN_STRICT_PROTOTYPES = YES;
				CLANG_WARN_SUSPICIOUS_MOVE = YES;
				CLANG_WARN_UNGUARDED_AVAILABILITY = YES_AGGRESSIVE;
				CLANG_WARN_UNREACHABLE_CODE = YES;
				CLANG_WARN__DUPLICATE_METHOD_MATCH = YES;
				COPY_PHASE_STRIP = NO;
				DEBUG_INFORMATION_FORMAT = dwarf;
				ENABLE_STRICT_OBJC_MSGSEND = YES;
				ENABLE_TESTABILITY = YES;
				GCC_C_LANGUAGE_STANDARD = gnu11;
				GCC_DYNAMIC_NO_PIC = NO;
				GCC_NO_COMMON_BLOCKS = YES;
				GCC_OPTIMIZATION_LEVEL = 0;
				GCC_PREPROCESSOR_DEFINITIONS = (
					"DEBUG=1",
					"$(inherited)",
				);
				GCC_WARN_64_TO_32_BIT_CONVERSION = YES;
				GCC_WARN_ABOUT_RETURN_TYPE = YES_ERROR;
				GCC_WARN_UNDECLARED_SELECTOR = YES;
				GCC_WARN_UNINITIALIZED_AUTOS = YES_AGGRESSIVE;
				GCC_WARN_UNUSED_FUNCTION = YES;
				GCC_WARN_UNUSED_VARIABLE = YES;
				IPHONEOS_DEPLOYMENT_TARGET = 16.2;
				MTL_ENABLE_DEBUG_INFO = INCLUDE_SOURCE;
				MTL_FAST_MATH = YES;
				ONLY_ACTIVE_ARCH = YES;
				SDKROOT = iphoneos;
				SWIFT_ACTIVE_COMPILATION_CONDITIONS = DEBUG;
				SWIFT_OPTIMIZATION_LEVEL = "-Onone";
			};
			name = Debug;
		};
		63DF20FE2970E1A1005DF7D1 /* Release */ = {
			isa = XCBuildConfiguration;
			buildSettings = {
				ALWAYS_SEARCH_USER_PATHS = NO;
				CLANG_ANALYZER_NONNULL = YES;
				CLANG_ANALYZER_NUMBER_OBJECT_CONVERSION = YES_AGGRESSIVE;
				CLANG_CXX_LANGUAGE_STANDARD = "gnu++20";
				CLANG_ENABLE_MODULES = YES;
				CLANG_ENABLE_OBJC_ARC = YES;
				CLANG_ENABLE_OBJC_WEAK = YES;
				CLANG_WARN_BLOCK_CAPTURE_AUTORELEASING = YES;
				CLANG_WARN_BOOL_CONVERSION = YES;
				CLANG_WARN_COMMA = YES;
				CLANG_WARN_CONSTANT_CONVERSION = YES;
				CLANG_WARN_DEPRECATED_OBJC_IMPLEMENTATIONS = YES;
				CLANG_WARN_DIRECT_OBJC_ISA_USAGE = YES_ERROR;
				CLANG_WARN_DOCUMENTATION_COMMENTS = YES;
				CLANG_WARN_EMPTY_BODY = YES;
				CLANG_WARN_ENUM_CONVERSION = YES;
				CLANG_WARN_INFINITE_RECURSION = YES;
				CLANG_WARN_INT_CONVERSION = YES;
				CLANG_WARN_NON_LITERAL_NULL_CONVERSION = YES;
				CLANG_WARN_OBJC_IMPLICIT_RETAIN_SELF = YES;
				CLANG_WARN_OBJC_LITERAL_CONVERSION = YES;
				CLANG_WARN_OBJC_ROOT_CLASS = YES_ERROR;
				CLANG_WARN_QUOTED_INCLUDE_IN_FRAMEWORK_HEADER = YES;
				CLANG_WARN_RANGE_LOOP_ANALYSIS = YES;
				CLANG_WARN_STRICT_PROTOTYPES = YES;
				CLANG_WARN_SUSPICIOUS_MOVE = YES;
				CLANG_WARN_UNGUARDED_AVAILABILITY = YES_AGGRESSIVE;
				CLANG_WARN_UNREACHABLE_CODE = YES;
				CLANG_WARN__DUPLICATE_METHOD_MATCH = YES;
				COPY_PHASE_STRIP = NO;
				DEBUG_INFORMATION_FORMAT = "dwarf-with-dsym";
				ENABLE_NS_ASSERTIONS = NO;
				ENABLE_STRICT_OBJC_MSGSEND = YES;
				GCC_C_LANGUAGE_STANDARD = gnu11;
				GCC_NO_COMMON_BLOCKS = YES;
				GCC_WARN_64_TO_32_BIT_CONVERSION = YES;
				GCC_WARN_ABOUT_RETURN_TYPE = YES_ERROR;
				GCC_WARN_UNDECLARED_SELECTOR = YES;
				GCC_WARN_UNINITIALIZED_AUTOS = YES_AGGRESSIVE;
				GCC_WARN_UNUSED_FUNCTION = YES;
				GCC_WARN_UNUSED_VARIABLE = YES;
				IPHONEOS_DEPLOYMENT_TARGET = 16.2;
				MTL_ENABLE_DEBUG_INFO = NO;
				MTL_FAST_MATH = YES;
				SDKROOT = iphoneos;
				SWIFT_COMPILATION_MODE = wholemodule;
				SWIFT_OPTIMIZATION_LEVEL = "-O";
				VALIDATE_PRODUCT = YES;
			};
			name = Release;
		};
		63DF21002970E1A1005DF7D1 /* Debug */ = {
			isa = XCBuildConfiguration;
			buildSettings = {
				ASSETCATALOG_COMPILER_APPICON_NAME = AppIcon;
				ASSETCATALOG_COMPILER_GLOBAL_ACCENT_COLOR_NAME = AccentColor;
				CODE_SIGN_STYLE = Automatic;
				CURRENT_PROJECT_VERSION = 1;
				GENERATE_INFOPLIST_FILE = YES;
				INFOPLIST_FILE = BoxOffice/Info.plist;
				INFOPLIST_KEY_UIApplicationSupportsIndirectInputEvents = YES;
				INFOPLIST_KEY_UILaunchStoryboardName = LaunchScreen;
				INFOPLIST_KEY_UIMainStoryboardFile = Main;
				INFOPLIST_KEY_UISupportedInterfaceOrientations_iPad = "UIInterfaceOrientationPortrait UIInterfaceOrientationPortraitUpsideDown UIInterfaceOrientationLandscapeLeft UIInterfaceOrientationLandscapeRight";
				INFOPLIST_KEY_UISupportedInterfaceOrientations_iPhone = "UIInterfaceOrientationPortrait UIInterfaceOrientationLandscapeLeft UIInterfaceOrientationLandscapeRight";
				IPHONEOS_DEPLOYMENT_TARGET = 14.0;
				LD_RUNPATH_SEARCH_PATHS = (
					"$(inherited)",
					"@executable_path/Frameworks",
				);
				MARKETING_VERSION = 1.0;
				PRODUCT_BUNDLE_IDENTIFIER = net.yagom.BoxOffice;
				PRODUCT_NAME = "$(TARGET_NAME)";
				SWIFT_EMIT_LOC_STRINGS = YES;
				SWIFT_VERSION = 5.0;
				TARGETED_DEVICE_FAMILY = "1,2";
			};
			name = Debug;
		};
		63DF21012970E1A1005DF7D1 /* Release */ = {
			isa = XCBuildConfiguration;
			buildSettings = {
				ASSETCATALOG_COMPILER_APPICON_NAME = AppIcon;
				ASSETCATALOG_COMPILER_GLOBAL_ACCENT_COLOR_NAME = AccentColor;
				CODE_SIGN_STYLE = Automatic;
				CURRENT_PROJECT_VERSION = 1;
				GENERATE_INFOPLIST_FILE = YES;
				INFOPLIST_FILE = BoxOffice/Info.plist;
				INFOPLIST_KEY_UIApplicationSupportsIndirectInputEvents = YES;
				INFOPLIST_KEY_UILaunchStoryboardName = LaunchScreen;
				INFOPLIST_KEY_UIMainStoryboardFile = Main;
				INFOPLIST_KEY_UISupportedInterfaceOrientations_iPad = "UIInterfaceOrientationPortrait UIInterfaceOrientationPortraitUpsideDown UIInterfaceOrientationLandscapeLeft UIInterfaceOrientationLandscapeRight";
				INFOPLIST_KEY_UISupportedInterfaceOrientations_iPhone = "UIInterfaceOrientationPortrait UIInterfaceOrientationLandscapeLeft UIInterfaceOrientationLandscapeRight";
				IPHONEOS_DEPLOYMENT_TARGET = 14.0;
				LD_RUNPATH_SEARCH_PATHS = (
					"$(inherited)",
					"@executable_path/Frameworks",
				);
				MARKETING_VERSION = 1.0;
				PRODUCT_BUNDLE_IDENTIFIER = net.yagom.BoxOffice;
				PRODUCT_NAME = "$(TARGET_NAME)";
				SWIFT_EMIT_LOC_STRINGS = YES;
				SWIFT_VERSION = 5.0;
				TARGETED_DEVICE_FAMILY = "1,2";
			};
			name = Release;
		};
		AD3094AC29C824A30052C64D /* Debug */ = {
			isa = XCBuildConfiguration;
			buildSettings = {
				BUNDLE_LOADER = "$(TEST_HOST)";
				CODE_SIGN_STYLE = Automatic;
				CURRENT_PROJECT_VERSION = 1;
				GENERATE_INFOPLIST_FILE = YES;
				IPHONEOS_DEPLOYMENT_TARGET = 16.2;
				MACOSX_DEPLOYMENT_TARGET = 13.1;
				MARKETING_VERSION = 1.0;
				PRODUCT_BUNDLE_IDENTIFIER = net.yagom.BoxOfficeTests;
				PRODUCT_NAME = "$(TARGET_NAME)";
				SDKROOT = auto;
				SUPPORTED_PLATFORMS = "iphoneos iphonesimulator macosx";
				SWIFT_EMIT_LOC_STRINGS = NO;
				SWIFT_VERSION = 5.0;
				TARGETED_DEVICE_FAMILY = "1,2";
				TEST_HOST = "$(BUILT_PRODUCTS_DIR)/BoxOffice.app/$(BUNDLE_EXECUTABLE_FOLDER_PATH)/BoxOffice";
			};
			name = Debug;
		};
		AD3094AD29C824A30052C64D /* Release */ = {
			isa = XCBuildConfiguration;
			buildSettings = {
				BUNDLE_LOADER = "$(TEST_HOST)";
				CODE_SIGN_STYLE = Automatic;
				CURRENT_PROJECT_VERSION = 1;
				GENERATE_INFOPLIST_FILE = YES;
				IPHONEOS_DEPLOYMENT_TARGET = 16.2;
				MACOSX_DEPLOYMENT_TARGET = 13.1;
				MARKETING_VERSION = 1.0;
				PRODUCT_BUNDLE_IDENTIFIER = net.yagom.BoxOfficeTests;
				PRODUCT_NAME = "$(TARGET_NAME)";
				SDKROOT = auto;
				SUPPORTED_PLATFORMS = "iphoneos iphonesimulator macosx";
				SWIFT_EMIT_LOC_STRINGS = NO;
				SWIFT_VERSION = 5.0;
				TARGETED_DEVICE_FAMILY = "1,2";
				TEST_HOST = "$(BUILT_PRODUCTS_DIR)/BoxOffice.app/$(BUNDLE_EXECUTABLE_FOLDER_PATH)/BoxOffice";
			};
			name = Release;
		};
/* End XCBuildConfiguration section */

/* Begin XCConfigurationList section */
		4B9E3A1E29CAD72E00B60AD1 /* Build configuration list for PBXNativeTarget "JSONModelTests" */ = {
			isa = XCConfigurationList;
			buildConfigurations = (
				4B9E3A1F29CAD72E00B60AD1 /* Debug */,
				4B9E3A2029CAD72E00B60AD1 /* Release */,
			);
			defaultConfigurationIsVisible = 0;
			defaultConfigurationName = Release;
		};
		63DF20E62970E1A0005DF7D1 /* Build configuration list for PBXProject "BoxOffice" */ = {
			isa = XCConfigurationList;
			buildConfigurations = (
				63DF20FD2970E1A1005DF7D1 /* Debug */,
				63DF20FE2970E1A1005DF7D1 /* Release */,
			);
			defaultConfigurationIsVisible = 0;
			defaultConfigurationName = Release;
		};
		63DF20FF2970E1A1005DF7D1 /* Build configuration list for PBXNativeTarget "BoxOffice" */ = {
			isa = XCConfigurationList;
			buildConfigurations = (
				63DF21002970E1A1005DF7D1 /* Debug */,
				63DF21012970E1A1005DF7D1 /* Release */,
			);
			defaultConfigurationIsVisible = 0;
			defaultConfigurationName = Release;
		};
		AD3094AB29C824A30052C64D /* Build configuration list for PBXNativeTarget "BoxOfficeTests" */ = {
			isa = XCConfigurationList;
			buildConfigurations = (
				AD3094AC29C824A30052C64D /* Debug */,
				AD3094AD29C824A30052C64D /* Release */,
			);
			defaultConfigurationIsVisible = 0;
			defaultConfigurationName = Release;
		};
/* End XCConfigurationList section */
	};
	rootObject = 63DF20E32970E1A0005DF7D1 /* Project object */;
}
