// !$*UTF8*$!
{
	archiveVersion = 1;
	classes = {
	};
	objectVersion = 56;
	objects = {

/* Begin PBXBuildFile section */
		5D4FAA982A6E8604001FA74A /* BoxOfficeTests.swift in Sources */ = {isa = PBXBuildFile; fileRef = 5D4FAA972A6E8604001FA74A /* BoxOfficeTests.swift */; };
		5D4FAAA12A6E88D3001FA74A /* box_office_sample.json in Resources */ = {isa = PBXBuildFile; fileRef = 5D4FAAA02A6E88D2001FA74A /* box_office_sample.json */; };
		5DDFC3282A72628700135954 /* Movie.swift in Sources */ = {isa = PBXBuildFile; fileRef = 5DDFC3272A72628700135954 /* Movie.swift */; };
		5DDFC32A2A735C0100135954 /* APIService.swift in Sources */ = {isa = PBXBuildFile; fileRef = 5DDFC3292A735C0100135954 /* APIService.swift */; };
		5DDFC34C2A7750CF00135954 /* JSONDecoder+.swift in Sources */ = {isa = PBXBuildFile; fileRef = 5DDFC34B2A7750CF00135954 /* JSONDecoder+.swift */; };
		5DDFC35B2A79FBEB00135954 /* CollectionViewCell.swift in Sources */ = {isa = PBXBuildFile; fileRef = 5DDFC3592A79FBEB00135954 /* CollectionViewCell.swift */; };
		5DDFC35C2A79FBEB00135954 /* CollectionViewCell.xib in Resources */ = {isa = PBXBuildFile; fileRef = 5DDFC35A2A79FBEB00135954 /* CollectionViewCell.xib */; };
		63DF20EF2970E1A0005DF7D1 /* AppDelegate.swift in Sources */ = {isa = PBXBuildFile; fileRef = 63DF20EE2970E1A0005DF7D1 /* AppDelegate.swift */; };
		63DF20F12970E1A0005DF7D1 /* SceneDelegate.swift in Sources */ = {isa = PBXBuildFile; fileRef = 63DF20F02970E1A0005DF7D1 /* SceneDelegate.swift */; };
		63DF20F32970E1A0005DF7D1 /* MainViewController.swift in Sources */ = {isa = PBXBuildFile; fileRef = 63DF20F22970E1A0005DF7D1 /* MainViewController.swift */; };
		63DF20F62970E1A0005DF7D1 /* Main.storyboard in Resources */ = {isa = PBXBuildFile; fileRef = 63DF20F42970E1A0005DF7D1 /* Main.storyboard */; };
		63DF20F82970E1A1005DF7D1 /* Assets.xcassets in Resources */ = {isa = PBXBuildFile; fileRef = 63DF20F72970E1A1005DF7D1 /* Assets.xcassets */; };
		63DF20FB2970E1A1005DF7D1 /* LaunchScreen.storyboard in Resources */ = {isa = PBXBuildFile; fileRef = 63DF20F92970E1A1005DF7D1 /* LaunchScreen.storyboard */; };
		D040BE3D2A713E86007F2095 /* APIManager.swift in Sources */ = {isa = PBXBuildFile; fileRef = D040BE3C2A713E86007F2095 /* APIManager.swift */; };
		D06DF2812A6E73B40074F9EF /* BoxOffice.swift in Sources */ = {isa = PBXBuildFile; fileRef = D06DF2802A6E73B40074F9EF /* BoxOffice.swift */; };
		D0989F712A77616400716556 /* APIError.swift in Sources */ = {isa = PBXBuildFile; fileRef = D0989F702A77616400716556 /* APIError.swift */; };
/* End PBXBuildFile section */

/* Begin PBXContainerItemProxy section */
		5D4FAA992A6E8604001FA74A /* PBXContainerItemProxy */ = {
			isa = PBXContainerItemProxy;
			containerPortal = 63DF20E32970E1A0005DF7D1 /* Project object */;
			proxyType = 1;
			remoteGlobalIDString = 63DF20EA2970E1A0005DF7D1;
			remoteInfo = BoxOffice;
		};
/* End PBXContainerItemProxy section */

/* Begin PBXFileReference section */
		5D4FAA952A6E8604001FA74A /* BoxOfficeTests.xctest */ = {isa = PBXFileReference; explicitFileType = wrapper.cfbundle; includeInIndex = 0; path = BoxOfficeTests.xctest; sourceTree = BUILT_PRODUCTS_DIR; };
		5D4FAA972A6E8604001FA74A /* BoxOfficeTests.swift */ = {isa = PBXFileReference; lastKnownFileType = sourcecode.swift; path = BoxOfficeTests.swift; sourceTree = "<group>"; };
		5D4FAAA02A6E88D2001FA74A /* box_office_sample.json */ = {isa = PBXFileReference; fileEncoding = 4; lastKnownFileType = text.json; path = box_office_sample.json; sourceTree = "<group>"; };
		5DDFC3272A72628700135954 /* Movie.swift */ = {isa = PBXFileReference; lastKnownFileType = sourcecode.swift; path = Movie.swift; sourceTree = "<group>"; };
		5DDFC3292A735C0100135954 /* APIService.swift */ = {isa = PBXFileReference; lastKnownFileType = sourcecode.swift; path = APIService.swift; sourceTree = "<group>"; };
		5DDFC34B2A7750CF00135954 /* JSONDecoder+.swift */ = {isa = PBXFileReference; lastKnownFileType = sourcecode.swift; path = "JSONDecoder+.swift"; sourceTree = "<group>"; };
		5DDFC3592A79FBEB00135954 /* CollectionViewCell.swift */ = {isa = PBXFileReference; lastKnownFileType = sourcecode.swift; path = CollectionViewCell.swift; sourceTree = "<group>"; };
		5DDFC35A2A79FBEB00135954 /* CollectionViewCell.xib */ = {isa = PBXFileReference; lastKnownFileType = file.xib; path = CollectionViewCell.xib; sourceTree = "<group>"; };
		63DF20EB2970E1A0005DF7D1 /* BoxOffice.app */ = {isa = PBXFileReference; explicitFileType = wrapper.application; includeInIndex = 0; path = BoxOffice.app; sourceTree = BUILT_PRODUCTS_DIR; };
		63DF20EE2970E1A0005DF7D1 /* AppDelegate.swift */ = {isa = PBXFileReference; lastKnownFileType = sourcecode.swift; path = AppDelegate.swift; sourceTree = "<group>"; };
		63DF20F02970E1A0005DF7D1 /* SceneDelegate.swift */ = {isa = PBXFileReference; lastKnownFileType = sourcecode.swift; path = SceneDelegate.swift; sourceTree = "<group>"; };
		63DF20F22970E1A0005DF7D1 /* MainViewController.swift */ = {isa = PBXFileReference; lastKnownFileType = sourcecode.swift; path = MainViewController.swift; sourceTree = "<group>"; };
		63DF20F52970E1A0005DF7D1 /* Base */ = {isa = PBXFileReference; lastKnownFileType = file.storyboard; name = Base; path = Base.lproj/Main.storyboard; sourceTree = "<group>"; };
		63DF20F72970E1A1005DF7D1 /* Assets.xcassets */ = {isa = PBXFileReference; lastKnownFileType = folder.assetcatalog; path = Assets.xcassets; sourceTree = "<group>"; };
		63DF20FA2970E1A1005DF7D1 /* Base */ = {isa = PBXFileReference; lastKnownFileType = file.storyboard; name = Base; path = Base.lproj/LaunchScreen.storyboard; sourceTree = "<group>"; };
		63DF20FC2970E1A1005DF7D1 /* Info.plist */ = {isa = PBXFileReference; lastKnownFileType = text.plist.xml; path = Info.plist; sourceTree = "<group>"; };
		D040BE3C2A713E86007F2095 /* APIManager.swift */ = {isa = PBXFileReference; lastKnownFileType = sourcecode.swift; path = APIManager.swift; sourceTree = "<group>"; };
		D06DF2802A6E73B40074F9EF /* BoxOffice.swift */ = {isa = PBXFileReference; lastKnownFileType = sourcecode.swift; path = BoxOffice.swift; sourceTree = "<group>"; };
		D0989F702A77616400716556 /* APIError.swift */ = {isa = PBXFileReference; lastKnownFileType = sourcecode.swift; path = APIError.swift; sourceTree = "<group>"; };
/* End PBXFileReference section */

/* Begin PBXFrameworksBuildPhase section */
		5D4FAA922A6E8604001FA74A /* Frameworks */ = {
			isa = PBXFrameworksBuildPhase;
			buildActionMask = 2147483647;
			files = (
			);
			runOnlyForDeploymentPostprocessing = 0;
		};
		63DF20E82970E1A0005DF7D1 /* Frameworks */ = {
			isa = PBXFrameworksBuildPhase;
			buildActionMask = 2147483647;
			files = (
			);
			runOnlyForDeploymentPostprocessing = 0;
		};
/* End PBXFrameworksBuildPhase section */

/* Begin PBXGroup section */
		5D4FAA962A6E8604001FA74A /* BoxOfficeTests */ = {
			isa = PBXGroup;
			children = (
				5D4FAA972A6E8604001FA74A /* BoxOfficeTests.swift */,
			);
			path = BoxOfficeTests;
			sourceTree = "<group>";
		};
		63DF20E22970E1A0005DF7D1 = {
			isa = PBXGroup;
			children = (
				63DF20ED2970E1A0005DF7D1 /* BoxOffice */,
				5D4FAA962A6E8604001FA74A /* BoxOfficeTests */,
				63DF20EC2970E1A0005DF7D1 /* Products */,
			);
			sourceTree = "<group>";
		};
		63DF20EC2970E1A0005DF7D1 /* Products */ = {
			isa = PBXGroup;
			children = (
				63DF20EB2970E1A0005DF7D1 /* BoxOffice.app */,
				5D4FAA952A6E8604001FA74A /* BoxOfficeTests.xctest */,
			);
			name = Products;
			sourceTree = "<group>";
		};
		63DF20ED2970E1A0005DF7D1 /* BoxOffice */ = {
			isa = PBXGroup;
			children = (
				D00857D42A736331007F1B92 /* App */,
				D06DF27F2A6E737D0074F9EF /* Controller */,
				D06DF27E2A6E73710074F9EF /* Model */,
				D06DF27D2A6E735D0074F9EF /* View */,
				D06DF27C2A6E73430074F9EF /* Resources */,
			);
			path = BoxOffice;
			sourceTree = "<group>";
		};
		D00857C62A72713F007F1B92 /* DTO */ = {
			isa = PBXGroup;
			children = (
				D06DF2802A6E73B40074F9EF /* BoxOffice.swift */,
				5DDFC3272A72628700135954 /* Movie.swift */,
			);
			path = DTO;
			sourceTree = "<group>";
		};
		D00857D42A736331007F1B92 /* App */ = {
			isa = PBXGroup;
			children = (
				63DF20F02970E1A0005DF7D1 /* SceneDelegate.swift */,
				63DF20EE2970E1A0005DF7D1 /* AppDelegate.swift */,
			);
			path = App;
			sourceTree = "<group>";
		};
		D00857D52A73634C007F1B92 /* JSON */ = {
			isa = PBXGroup;
			children = (
				5D4FAAA02A6E88D2001FA74A /* box_office_sample.json */,
			);
			path = JSON;
			sourceTree = "<group>";
		};
		D06DF27C2A6E73430074F9EF /* Resources */ = {
			isa = PBXGroup;
			children = (
				D00857D52A73634C007F1B92 /* JSON */,
				63DF20F72970E1A1005DF7D1 /* Assets.xcassets */,
				63DF20FC2970E1A1005DF7D1 /* Info.plist */,
			);
			path = Resources;
			sourceTree = "<group>";
		};
		D06DF27D2A6E735D0074F9EF /* View */ = {
			isa = PBXGroup;
			children = (
				63DF20F42970E1A0005DF7D1 /* Main.storyboard */,
				5DDFC35A2A79FBEB00135954 /* CollectionViewCell.xib */,
				63DF20F92970E1A1005DF7D1 /* LaunchScreen.storyboard */,
			);
			path = View;
			sourceTree = "<group>";
		};
		D06DF27E2A6E73710074F9EF /* Model */ = {
			isa = PBXGroup;
			children = (
				D00857C62A72713F007F1B92 /* DTO */,
				D040BE3C2A713E86007F2095 /* APIManager.swift */,
				5DDFC3292A735C0100135954 /* APIService.swift */,
				D0989F702A77616400716556 /* APIError.swift */,
				5DDFC34B2A7750CF00135954 /* JSONDecoder+.swift */,
			);
			path = Model;
			sourceTree = "<group>";
		};
		D06DF27F2A6E737D0074F9EF /* Controller */ = {
			isa = PBXGroup;
			children = (
				63DF20F22970E1A0005DF7D1 /* MainViewController.swift */,
				5DDFC3592A79FBEB00135954 /* CollectionViewCell.swift */,
			);
			path = Controller;
			sourceTree = "<group>";
		};
/* End PBXGroup section */

/* Begin PBXNativeTarget section */
		5D4FAA942A6E8604001FA74A /* BoxOfficeTests */ = {
			isa = PBXNativeTarget;
			buildConfigurationList = 5D4FAA9D2A6E8604001FA74A /* Build configuration list for PBXNativeTarget "BoxOfficeTests" */;
			buildPhases = (
				5D4FAA912A6E8604001FA74A /* Sources */,
				5D4FAA922A6E8604001FA74A /* Frameworks */,
				5D4FAA932A6E8604001FA74A /* Resources */,
			);
			buildRules = (
			);
			dependencies = (
				5D4FAA9A2A6E8604001FA74A /* PBXTargetDependency */,
			);
			name = BoxOfficeTests;
			productName = BoxOfficeTests;
			productReference = 5D4FAA952A6E8604001FA74A /* BoxOfficeTests.xctest */;
			productType = "com.apple.product-type.bundle.unit-test";
		};
		63DF20EA2970E1A0005DF7D1 /* BoxOffice */ = {
			isa = PBXNativeTarget;
			buildConfigurationList = 63DF20FF2970E1A1005DF7D1 /* Build configuration list for PBXNativeTarget "BoxOffice" */;
			buildPhases = (
				63DF20E72970E1A0005DF7D1 /* Sources */,
				63DF20E82970E1A0005DF7D1 /* Frameworks */,
				63DF20E92970E1A0005DF7D1 /* Resources */,
			);
			buildRules = (
			);
			dependencies = (
			);
			name = BoxOffice;
			productName = BoxOffice;
			productReference = 63DF20EB2970E1A0005DF7D1 /* BoxOffice.app */;
			productType = "com.apple.product-type.application";
		};
/* End PBXNativeTarget section */

/* Begin PBXProject section */
		63DF20E32970E1A0005DF7D1 /* Project object */ = {
			isa = PBXProject;
			attributes = {
				BuildIndependentTargetsInParallel = 1;
				LastSwiftUpdateCheck = 1430;
				LastUpgradeCheck = 1420;
				TargetAttributes = {
					5D4FAA942A6E8604001FA74A = {
						CreatedOnToolsVersion = 14.3.1;
						TestTargetID = 63DF20EA2970E1A0005DF7D1;
					};
					63DF20EA2970E1A0005DF7D1 = {
						CreatedOnToolsVersion = 14.2;
					};
				};
			};
			buildConfigurationList = 63DF20E62970E1A0005DF7D1 /* Build configuration list for PBXProject "BoxOffice" */;
			compatibilityVersion = "Xcode 14.0";
			developmentRegion = en;
			hasScannedForEncodings = 0;
			knownRegions = (
				en,
				Base,
			);
			mainGroup = 63DF20E22970E1A0005DF7D1;
			productRefGroup = 63DF20EC2970E1A0005DF7D1 /* Products */;
			projectDirPath = "";
			projectRoot = "";
			targets = (
				63DF20EA2970E1A0005DF7D1 /* BoxOffice */,
				5D4FAA942A6E8604001FA74A /* BoxOfficeTests */,
			);
		};
/* End PBXProject section */

/* Begin PBXResourcesBuildPhase section */
		5D4FAA932A6E8604001FA74A /* Resources */ = {
			isa = PBXResourcesBuildPhase;
			buildActionMask = 2147483647;
			files = (
			);
			runOnlyForDeploymentPostprocessing = 0;
		};
		63DF20E92970E1A0005DF7D1 /* Resources */ = {
			isa = PBXResourcesBuildPhase;
			buildActionMask = 2147483647;
			files = (
				63DF20FB2970E1A1005DF7D1 /* LaunchScreen.storyboard in Resources */,
				63DF20F82970E1A1005DF7D1 /* Assets.xcassets in Resources */,
				63DF20F62970E1A0005DF7D1 /* Main.storyboard in Resources */,
				5D4FAAA12A6E88D3001FA74A /* box_office_sample.json in Resources */,
				5DDFC35C2A79FBEB00135954 /* CollectionViewCell.xib in Resources */,
			);
			runOnlyForDeploymentPostprocessing = 0;
		};
/* End PBXResourcesBuildPhase section */

/* Begin PBXSourcesBuildPhase section */
		5D4FAA912A6E8604001FA74A /* Sources */ = {
			isa = PBXSourcesBuildPhase;
			buildActionMask = 2147483647;
			files = (
				5D4FAA982A6E8604001FA74A /* BoxOfficeTests.swift in Sources */,
			);
			runOnlyForDeploymentPostprocessing = 0;
		};
		63DF20E72970E1A0005DF7D1 /* Sources */ = {
			isa = PBXSourcesBuildPhase;
			buildActionMask = 2147483647;
			files = (
				5DDFC35B2A79FBEB00135954 /* CollectionViewCell.swift in Sources */,
				5DDFC34C2A7750CF00135954 /* JSONDecoder+.swift in Sources */,
				5DDFC3282A72628700135954 /* Movie.swift in Sources */,
				5DDFC32A2A735C0100135954 /* APIService.swift in Sources */,
				D040BE3D2A713E86007F2095 /* APIManager.swift in Sources */,
				D06DF2812A6E73B40074F9EF /* BoxOffice.swift in Sources */,
				63DF20F32970E1A0005DF7D1 /* MainViewController.swift in Sources */,
				63DF20EF2970E1A0005DF7D1 /* AppDelegate.swift in Sources */,
				D0989F712A77616400716556 /* APIError.swift in Sources */,
				63DF20F12970E1A0005DF7D1 /* SceneDelegate.swift in Sources */,
			);
			runOnlyForDeploymentPostprocessing = 0;
		};
/* End PBXSourcesBuildPhase section */

/* Begin PBXTargetDependency section */
		5D4FAA9A2A6E8604001FA74A /* PBXTargetDependency */ = {
			isa = PBXTargetDependency;
			target = 63DF20EA2970E1A0005DF7D1 /* BoxOffice */;
			targetProxy = 5D4FAA992A6E8604001FA74A /* PBXContainerItemProxy */;
		};
/* End PBXTargetDependency section */

/* Begin PBXVariantGroup section */
		63DF20F42970E1A0005DF7D1 /* Main.storyboard */ = {
			isa = PBXVariantGroup;
			children = (
				63DF20F52970E1A0005DF7D1 /* Base */,
			);
			name = Main.storyboard;
			sourceTree = "<group>";
		};
		63DF20F92970E1A1005DF7D1 /* LaunchScreen.storyboard */ = {
			isa = PBXVariantGroup;
			children = (
				63DF20FA2970E1A1005DF7D1 /* Base */,
			);
			name = LaunchScreen.storyboard;
			sourceTree = "<group>";
		};
/* End PBXVariantGroup section */

/* Begin XCBuildConfiguration section */
		5D4FAA9B2A6E8604001FA74A /* Debug */ = {
			isa = XCBuildConfiguration;
			buildSettings = {
				BUNDLE_LOADER = "$(TEST_HOST)";
				CODE_SIGN_STYLE = Automatic;
				CURRENT_PROJECT_VERSION = 1;
				GENERATE_INFOPLIST_FILE = YES;
				IPHONEOS_DEPLOYMENT_TARGET = 16.4;
				MACOSX_DEPLOYMENT_TARGET = 13.2;
				MARKETING_VERSION = 1.0;
				PRODUCT_BUNDLE_IDENTIFIER = mongored.BoxOfficeTests;
				PRODUCT_NAME = "$(TARGET_NAME)";
				SDKROOT = auto;
				SUPPORTED_PLATFORMS = "iphoneos iphonesimulator macosx";
				SWIFT_EMIT_LOC_STRINGS = NO;
				SWIFT_VERSION = 5.0;
				TARGETED_DEVICE_FAMILY = "1,2";
				TEST_HOST = "$(BUILT_PRODUCTS_DIR)/BoxOffice.app/$(BUNDLE_EXECUTABLE_FOLDER_PATH)/BoxOffice";
			};
			name = Debug;
		};
		5D4FAA9C2A6E8604001FA74A /* Release */ = {
			isa = XCBuildConfiguration;
			buildSettings = {
				BUNDLE_LOADER = "$(TEST_HOST)";
				CODE_SIGN_STYLE = Automatic;
				CURRENT_PROJECT_VERSION = 1;
				GENERATE_INFOPLIST_FILE = YES;
				IPHONEOS_DEPLOYMENT_TARGET = 16.4;
				MACOSX_DEPLOYMENT_TARGET = 13.2;
				MARKETING_VERSION = 1.0;
				PRODUCT_BUNDLE_IDENTIFIER = mongored.BoxOfficeTests;
				PRODUCT_NAME = "$(TARGET_NAME)";
				SDKROOT = auto;
				SUPPORTED_PLATFORMS = "iphoneos iphonesimulator macosx";
				SWIFT_EMIT_LOC_STRINGS = NO;
				SWIFT_VERSION = 5.0;
				TARGETED_DEVICE_FAMILY = "1,2";
				TEST_HOST = "$(BUILT_PRODUCTS_DIR)/BoxOffice.app/$(BUNDLE_EXECUTABLE_FOLDER_PATH)/BoxOffice";
			};
			name = Release;
		};
		63DF20FD2970E1A1005DF7D1 /* Debug */ = {
			isa = XCBuildConfiguration;
			buildSettings = {
				ALWAYS_SEARCH_USER_PATHS = NO;
				CLANG_ANALYZER_NONNULL = YES;
				CLANG_ANALYZER_NUMBER_OBJECT_CONVERSION = YES_AGGRESSIVE;
				CLANG_CXX_LANGUAGE_STANDARD = "gnu++20";
				CLANG_ENABLE_MODULES = YES;
				CLANG_ENABLE_OBJC_ARC = YES;
				CLANG_ENABLE_OBJC_WEAK = YES;
				CLANG_WARN_BLOCK_CAPTURE_AUTORELEASING = YES;
				CLANG_WARN_BOOL_CONVERSION = YES;
				CLANG_WARN_COMMA = YES;
				CLANG_WARN_CONSTANT_CONVERSION = YES;
				CLANG_WARN_DEPRECATED_OBJC_IMPLEMENTATIONS = YES;
				CLANG_WARN_DIRECT_OBJC_ISA_USAGE = YES_ERROR;
				CLANG_WARN_DOCUMENTATION_COMMENTS = YES;
				CLANG_WARN_EMPTY_BODY = YES;
				CLANG_WARN_ENUM_CONVERSION = YES;
				CLANG_WARN_INFINITE_RECURSION = YES;
				CLANG_WARN_INT_CONVERSION = YES;
				CLANG_WARN_NON_LITERAL_NULL_CONVERSION = YES;
				CLANG_WARN_OBJC_IMPLICIT_RETAIN_SELF = YES;
				CLANG_WARN_OBJC_LITERAL_CONVERSION = YES;
				CLANG_WARN_OBJC_ROOT_CLASS = YES_ERROR;
				CLANG_WARN_QUOTED_INCLUDE_IN_FRAMEWORK_HEADER = YES;
				CLANG_WARN_RANGE_LOOP_ANALYSIS = YES;
				CLANG_WARN_STRICT_PROTOTYPES = YES;
				CLANG_WARN_SUSPICIOUS_MOVE = YES;
				CLANG_WARN_UNGUARDED_AVAILABILITY = YES_AGGRESSIVE;
				CLANG_WARN_UNREACHABLE_CODE = YES;
				CLANG_WARN__DUPLICATE_METHOD_MATCH = YES;
				COPY_PHASE_STRIP = NO;
				DEBUG_INFORMATION_FORMAT = dwarf;
				ENABLE_STRICT_OBJC_MSGSEND = YES;
				ENABLE_TESTABILITY = YES;
				GCC_C_LANGUAGE_STANDARD = gnu11;
				GCC_DYNAMIC_NO_PIC = NO;
				GCC_NO_COMMON_BLOCKS = YES;
				GCC_OPTIMIZATION_LEVEL = 0;
				GCC_PREPROCESSOR_DEFINITIONS = (
					"DEBUG=1",
					"$(inherited)",
				);
				GCC_WARN_64_TO_32_BIT_CONVERSION = YES;
				GCC_WARN_ABOUT_RETURN_TYPE = YES_ERROR;
				GCC_WARN_UNDECLARED_SELECTOR = YES;
				GCC_WARN_UNINITIALIZED_AUTOS = YES_AGGRESSIVE;
				GCC_WARN_UNUSED_FUNCTION = YES;
				GCC_WARN_UNUSED_VARIABLE = YES;
				IPHONEOS_DEPLOYMENT_TARGET = 16.2;
				MTL_ENABLE_DEBUG_INFO = INCLUDE_SOURCE;
				MTL_FAST_MATH = YES;
				ONLY_ACTIVE_ARCH = YES;
				SDKROOT = iphoneos;
				SWIFT_ACTIVE_COMPILATION_CONDITIONS = DEBUG;
				SWIFT_OPTIMIZATION_LEVEL = "-Onone";
			};
			name = Debug;
		};
		63DF20FE2970E1A1005DF7D1 /* Release */ = {
			isa = XCBuildConfiguration;
			buildSettings = {
				ALWAYS_SEARCH_USER_PATHS = NO;
				CLANG_ANALYZER_NONNULL = YES;
				CLANG_ANALYZER_NUMBER_OBJECT_CONVERSION = YES_AGGRESSIVE;
				CLANG_CXX_LANGUAGE_STANDARD = "gnu++20";
				CLANG_ENABLE_MODULES = YES;
				CLANG_ENABLE_OBJC_ARC = YES;
				CLANG_ENABLE_OBJC_WEAK = YES;
				CLANG_WARN_BLOCK_CAPTURE_AUTORELEASING = YES;
				CLANG_WARN_BOOL_CONVERSION = YES;
				CLANG_WARN_COMMA = YES;
				CLANG_WARN_CONSTANT_CONVERSION = YES;
				CLANG_WARN_DEPRECATED_OBJC_IMPLEMENTATIONS = YES;
				CLANG_WARN_DIRECT_OBJC_ISA_USAGE = YES_ERROR;
				CLANG_WARN_DOCUMENTATION_COMMENTS = YES;
				CLANG_WARN_EMPTY_BODY = YES;
				CLANG_WARN_ENUM_CONVERSION = YES;
				CLANG_WARN_INFINITE_RECURSION = YES;
				CLANG_WARN_INT_CONVERSION = YES;
				CLANG_WARN_NON_LITERAL_NULL_CONVERSION = YES;
				CLANG_WARN_OBJC_IMPLICIT_RETAIN_SELF = YES;
				CLANG_WARN_OBJC_LITERAL_CONVERSION = YES;
				CLANG_WARN_OBJC_ROOT_CLASS = YES_ERROR;
				CLANG_WARN_QUOTED_INCLUDE_IN_FRAMEWORK_HEADER = YES;
				CLANG_WARN_RANGE_LOOP_ANALYSIS = YES;
				CLANG_WARN_STRICT_PROTOTYPES = YES;
				CLANG_WARN_SUSPICIOUS_MOVE = YES;
				CLANG_WARN_UNGUARDED_AVAILABILITY = YES_AGGRESSIVE;
				CLANG_WARN_UNREACHABLE_CODE = YES;
				CLANG_WARN__DUPLICATE_METHOD_MATCH = YES;
				COPY_PHASE_STRIP = NO;
				DEBUG_INFORMATION_FORMAT = "dwarf-with-dsym";
				ENABLE_NS_ASSERTIONS = NO;
				ENABLE_STRICT_OBJC_MSGSEND = YES;
				GCC_C_LANGUAGE_STANDARD = gnu11;
				GCC_NO_COMMON_BLOCKS = YES;
				GCC_WARN_64_TO_32_BIT_CONVERSION = YES;
				GCC_WARN_ABOUT_RETURN_TYPE = YES_ERROR;
				GCC_WARN_UNDECLARED_SELECTOR = YES;
				GCC_WARN_UNINITIALIZED_AUTOS = YES_AGGRESSIVE;
				GCC_WARN_UNUSED_FUNCTION = YES;
				GCC_WARN_UNUSED_VARIABLE = YES;
				IPHONEOS_DEPLOYMENT_TARGET = 16.2;
				MTL_ENABLE_DEBUG_INFO = NO;
				MTL_FAST_MATH = YES;
				SDKROOT = iphoneos;
				SWIFT_COMPILATION_MODE = wholemodule;
				SWIFT_OPTIMIZATION_LEVEL = "-O";
				VALIDATE_PRODUCT = YES;
			};
			name = Release;
		};
		63DF21002970E1A1005DF7D1 /* Debug */ = {
			isa = XCBuildConfiguration;
			buildSettings = {
				ASSETCATALOG_COMPILER_APPICON_NAME = AppIcon;
				ASSETCATALOG_COMPILER_GLOBAL_ACCENT_COLOR_NAME = AccentColor;
				CODE_SIGN_STYLE = Automatic;
				CURRENT_PROJECT_VERSION = 1;
				GENERATE_INFOPLIST_FILE = YES;
				INFOPLIST_FILE = BoxOffice/Resources/Info.plist;
				INFOPLIST_KEY_UIApplicationSupportsIndirectInputEvents = YES;
				INFOPLIST_KEY_UILaunchStoryboardName = LaunchScreen;
				INFOPLIST_KEY_UIMainStoryboardFile = Main;
				INFOPLIST_KEY_UISupportedInterfaceOrientations_iPad = "UIInterfaceOrientationPortrait UIInterfaceOrientationPortraitUpsideDown UIInterfaceOrientationLandscapeLeft UIInterfaceOrientationLandscapeRight";
				INFOPLIST_KEY_UISupportedInterfaceOrientations_iPhone = "UIInterfaceOrientationPortrait UIInterfaceOrientationLandscapeLeft UIInterfaceOrientationLandscapeRight";
				IPHONEOS_DEPLOYMENT_TARGET = 13.0;
				LD_RUNPATH_SEARCH_PATHS = (
					"$(inherited)",
					"@executable_path/Frameworks",
				);
				MARKETING_VERSION = 1.0;
				PRODUCT_BUNDLE_IDENTIFIER = net.yagom.BoxOffice;
				PRODUCT_NAME = "$(TARGET_NAME)";
				SWIFT_EMIT_LOC_STRINGS = YES;
				SWIFT_VERSION = 5.0;
				TARGETED_DEVICE_FAMILY = "1,2";
			};
			name = Debug;
		};
		63DF21012970E1A1005DF7D1 /* Release */ = {
			isa = XCBuildConfiguration;
			buildSettings = {
				ASSETCATALOG_COMPILER_APPICON_NAME = AppIcon;
				ASSETCATALOG_COMPILER_GLOBAL_ACCENT_COLOR_NAME = AccentColor;
				CODE_SIGN_STYLE = Automatic;
				CURRENT_PROJECT_VERSION = 1;
				GENERATE_INFOPLIST_FILE = YES;
				INFOPLIST_FILE = BoxOffice/Resources/Info.plist;
				INFOPLIST_KEY_UIApplicationSupportsIndirectInputEvents = YES;
				INFOPLIST_KEY_UILaunchStoryboardName = LaunchScreen;
				INFOPLIST_KEY_UIMainStoryboardFile = Main;
				INFOPLIST_KEY_UISupportedInterfaceOrientations_iPad = "UIInterfaceOrientationPortrait UIInterfaceOrientationPortraitUpsideDown UIInterfaceOrientationLandscapeLeft UIInterfaceOrientationLandscapeRight";
				INFOPLIST_KEY_UISupportedInterfaceOrientations_iPhone = "UIInterfaceOrientationPortrait UIInterfaceOrientationLandscapeLeft UIInterfaceOrientationLandscapeRight";
				IPHONEOS_DEPLOYMENT_TARGET = 13.0;
				LD_RUNPATH_SEARCH_PATHS = (
					"$(inherited)",
					"@executable_path/Frameworks",
				);
				MARKETING_VERSION = 1.0;
				PRODUCT_BUNDLE_IDENTIFIER = net.yagom.BoxOffice;
				PRODUCT_NAME = "$(TARGET_NAME)";
				SWIFT_EMIT_LOC_STRINGS = YES;
				SWIFT_VERSION = 5.0;
				TARGETED_DEVICE_FAMILY = "1,2";
			};
			name = Release;
		};
/* End XCBuildConfiguration section */

/* Begin XCConfigurationList section */
		5D4FAA9D2A6E8604001FA74A /* Build configuration list for PBXNativeTarget "BoxOfficeTests" */ = {
			isa = XCConfigurationList;
			buildConfigurations = (
				5D4FAA9B2A6E8604001FA74A /* Debug */,
				5D4FAA9C2A6E8604001FA74A /* Release */,
			);
			defaultConfigurationIsVisible = 0;
			defaultConfigurationName = Release;
		};
		63DF20E62970E1A0005DF7D1 /* Build configuration list for PBXProject "BoxOffice" */ = {
			isa = XCConfigurationList;
			buildConfigurations = (
				63DF20FD2970E1A1005DF7D1 /* Debug */,
				63DF20FE2970E1A1005DF7D1 /* Release */,
			);
			defaultConfigurationIsVisible = 0;
			defaultConfigurationName = Release;
		};
		63DF20FF2970E1A1005DF7D1 /* Build configuration list for PBXNativeTarget "BoxOffice" */ = {
			isa = XCConfigurationList;
			buildConfigurations = (
				63DF21002970E1A1005DF7D1 /* Debug */,
				63DF21012970E1A1005DF7D1 /* Release */,
			);
			defaultConfigurationIsVisible = 0;
			defaultConfigurationName = Release;
		};
/* End XCConfigurationList section */
	};
	rootObject = 63DF20E32970E1A0005DF7D1 /* Project object */;
}
